// !$*UTF8*$!
{
	archiveVersion = 1;
	classes = {
	};
	objectVersion = 56;
	objects = {

/* Begin PBXBuildFile section */
		371687EF29D1AD7700B57BFF /* AppDelegate.swift in Sources */ = {isa = PBXBuildFile; fileRef = 371687EE29D1AD7700B57BFF /* AppDelegate.swift */; };
		371687F129D1AD7700B57BFF /* SceneDelegate.swift in Sources */ = {isa = PBXBuildFile; fileRef = 371687F029D1AD7700B57BFF /* SceneDelegate.swift */; };
		371687F629D1AD7700B57BFF /* Main.storyboard in Resources */ = {isa = PBXBuildFile; fileRef = 371687F429D1AD7700B57BFF /* Main.storyboard */; };
		371687F829D1AD7900B57BFF /* Assets.xcassets in Resources */ = {isa = PBXBuildFile; fileRef = 371687F729D1AD7900B57BFF /* Assets.xcassets */; };
		371687FB29D1AD7900B57BFF /* LaunchScreen.storyboard in Resources */ = {isa = PBXBuildFile; fileRef = 371687F929D1AD7900B57BFF /* LaunchScreen.storyboard */; };
		3716887C29D21A8700B57BFF /* AlamofireRestClient.swift in Sources */ = {isa = PBXBuildFile; fileRef = 3716885729D21A8700B57BFF /* AlamofireRestClient.swift */; };
		3716887D29D21A8700B57BFF /* HttpMethod.swift in Sources */ = {isa = PBXBuildFile; fileRef = 3716885829D21A8700B57BFF /* HttpMethod.swift */; };
		3716887E29D21A8700B57BFF /* URLProvider.swift in Sources */ = {isa = PBXBuildFile; fileRef = 3716885929D21A8700B57BFF /* URLProvider.swift */; };
		3716887F29D21A8700B57BFF /* RestClientProtocol.swift in Sources */ = {isa = PBXBuildFile; fileRef = 3716885A29D21A8700B57BFF /* RestClientProtocol.swift */; };
		3716888029D21A8700B57BFF /* Logger.swift in Sources */ = {isa = PBXBuildFile; fileRef = 3716885C29D21A8700B57BFF /* Logger.swift */; };
		3716888129D21A8700B57BFF /* SignUpPayload.swift in Sources */ = {isa = PBXBuildFile; fileRef = 3716886029D21A8700B57BFF /* SignUpPayload.swift */; };
		3716888229D21A8700B57BFF /* UserResponse.swift in Sources */ = {isa = PBXBuildFile; fileRef = 3716886129D21A8700B57BFF /* UserResponse.swift */; };
		3716888329D21A8700B57BFF /* SignUpServiceProtocol.swift in Sources */ = {isa = PBXBuildFile; fileRef = 3716886229D21A8700B57BFF /* SignUpServiceProtocol.swift */; };
		3716888429D21A8700B57BFF /* SignUpService.swift in Sources */ = {isa = PBXBuildFile; fileRef = 3716886329D21A8700B57BFF /* SignUpService.swift */; };
		3716888629D21A8700B57BFF /* LoginService.swift in Sources */ = {isa = PBXBuildFile; fileRef = 3716886629D21A8700B57BFF /* LoginService.swift */; };
		3716888729D21A8700B57BFF /* LoginPayload.swift in Sources */ = {isa = PBXBuildFile; fileRef = 3716886829D21A8700B57BFF /* LoginPayload.swift */; };
		3716888829D21A8700B57BFF /* LoginResponse.swift in Sources */ = {isa = PBXBuildFile; fileRef = 3716886929D21A8700B57BFF /* LoginResponse.swift */; };
		3716888929D21A8700B57BFF /* LoginServiceProtocol.swift in Sources */ = {isa = PBXBuildFile; fileRef = 3716886A29D21A8700B57BFF /* LoginServiceProtocol.swift */; };
		3716888B29D21A8700B57BFF /* RequestBuilder.swift in Sources */ = {isa = PBXBuildFile; fileRef = 3716886C29D21A8700B57BFF /* RequestBuilder.swift */; };
		3716888C29D21A8700B57BFF /* Constants.swift in Sources */ = {isa = PBXBuildFile; fileRef = 3716886E29D21A8700B57BFF /* Constants.swift */; };
		3716888D29D21A8700B57BFF /* Utils.swift in Sources */ = {isa = PBXBuildFile; fileRef = 3716886F29D21A8700B57BFF /* Utils.swift */; };
		3716888E29D21A8700B57BFF /* SignUpViewController.swift in Sources */ = {isa = PBXBuildFile; fileRef = 3716887129D21A8700B57BFF /* SignUpViewController.swift */; };
		3716888F29D21A8700B57BFF /* ViewController.swift in Sources */ = {isa = PBXBuildFile; fileRef = 3716887229D21A8700B57BFF /* ViewController.swift */; };
		3716889029D21A8700B57BFF /* HomeViewController.swift in Sources */ = {isa = PBXBuildFile; fileRef = 3716887329D21A8700B57BFF /* HomeViewController.swift */; };
		3716889129D21A8700B57BFF /* LogInViewController.swift in Sources */ = {isa = PBXBuildFile; fileRef = 3716887429D21A8700B57BFF /* LogInViewController.swift */; };
		3716889229D21A8700B57BFF /* User.swift in Sources */ = {isa = PBXBuildFile; fileRef = 3716887729D21A8700B57BFF /* User.swift */; };
		3716889329D21A8700B57BFF /* ErrorCause.swift in Sources */ = {isa = PBXBuildFile; fileRef = 3716887929D21A8700B57BFF /* ErrorCause.swift */; };
		3716889729D247A700B57BFF /* LoadingOverlay.swift in Sources */ = {isa = PBXBuildFile; fileRef = 3716889629D247A700B57BFF /* LoadingOverlay.swift */; };
		3723811429D4FBA800093FD6 /* UserServiceProtocol.swift in Sources */ = {isa = PBXBuildFile; fileRef = 3723811329D4FBA800093FD6 /* UserServiceProtocol.swift */; };
		3723811629D4FD6E00093FD6 /* UserService.swift in Sources */ = {isa = PBXBuildFile; fileRef = 3723811529D4FD6E00093FD6 /* UserService.swift */; };
		3723812229D62AF700093FD6 /* App+Injection.swift in Sources */ = {isa = PBXBuildFile; fileRef = 3723812129D62AF700093FD6 /* App+Injection.swift */; };
		3723812429D64A2600093FD6 /* URLSessionRestClient.swift in Sources */ = {isa = PBXBuildFile; fileRef = 3723812329D64A2600093FD6 /* URLSessionRestClient.swift */; };
		3723812629D9803C00093FD6 /* DateUtil.swift in Sources */ = {isa = PBXBuildFile; fileRef = 3723812529D9803C00093FD6 /* DateUtil.swift */; };
		3723812D29DA072300093FD6 /* JSONDecoder+ISO8601DateDecodingStrategySetup.swift in Sources */ = {isa = PBXBuildFile; fileRef = 3723812C29DA072300093FD6 /* JSONDecoder+ISO8601DateDecodingStrategySetup.swift */; };
		3723813129DA1D3C00093FD6 /* AppUser.swift in Sources */ = {isa = PBXBuildFile; fileRef = 3723813029DA1D3C00093FD6 /* AppUser.swift */; };
		3723813529DA21F900093FD6 /* LoginManagerProtocol.swift in Sources */ = {isa = PBXBuildFile; fileRef = 3723813429DA21F900093FD6 /* LoginManagerProtocol.swift */; };
		3723813729DA220A00093FD6 /* LoginManager.swift in Sources */ = {isa = PBXBuildFile; fileRef = 3723813629DA220A00093FD6 /* LoginManager.swift */; };
		3723813B29DA25D000093FD6 /* SignUpManagerProtocol.swift in Sources */ = {isa = PBXBuildFile; fileRef = 3723813A29DA25D000093FD6 /* SignUpManagerProtocol.swift */; };
		3723813D29DA263600093FD6 /* SignUpManager.swift in Sources */ = {isa = PBXBuildFile; fileRef = 3723813C29DA263600093FD6 /* SignUpManager.swift */; };
		3723814129DB751800093FD6 /* Localizable.strings in Resources */ = {isa = PBXBuildFile; fileRef = 3723814329DB751800093FD6 /* Localizable.strings */; };
		3723814529DB76E100093FD6 /* LocalizedStrings.swift in Sources */ = {isa = PBXBuildFile; fileRef = 3723814429DB76E100093FD6 /* LocalizedStrings.swift */; };
		3723814729DB77E000093FD6 /* String+Localized.swift in Sources */ = {isa = PBXBuildFile; fileRef = 3723814629DB77E000093FD6 /* String+Localized.swift */; };
		3723814A29DC1E4100093FD6 /* StorageServiceProtocol.swift in Sources */ = {isa = PBXBuildFile; fileRef = 3723814929DC1E4100093FD6 /* StorageServiceProtocol.swift */; };
		3723814C29DC1E9700093FD6 /* UserDefaultsStorageService.swift in Sources */ = {isa = PBXBuildFile; fileRef = 3723814B29DC1E9700093FD6 /* UserDefaultsStorageService.swift */; };
		3723814E29DC4D4A00093FD6 /* LoginRequestBuilder.swift in Sources */ = {isa = PBXBuildFile; fileRef = 3723814D29DC4D4A00093FD6 /* LoginRequestBuilder.swift */; };
		3723815129DC904700093FD6 /* SignUpRequestBuilder.swift in Sources */ = {isa = PBXBuildFile; fileRef = 3723815029DC904700093FD6 /* SignUpRequestBuilder.swift */; };
		3723815329DC929600093FD6 /* UserRequestBuilder.swift in Sources */ = {isa = PBXBuildFile; fileRef = 3723815229DC929600093FD6 /* UserRequestBuilder.swift */; };
		3723815629DCCC0D00093FD6 /* Resolver in Frameworks */ = {isa = PBXBuildFile; productRef = 3723815529DCCC0D00093FD6 /* Resolver */; };
		3723815929DCCC2100093FD6 /* Alamofire in Frameworks */ = {isa = PBXBuildFile; productRef = 3723815829DCCC2100093FD6 /* Alamofire */; };
/* End PBXBuildFile section */

/* Begin PBXFileReference section */
		371687EB29D1AD7700B57BFF /* iOS_Learning.app */ = {isa = PBXFileReference; explicitFileType = wrapper.application; includeInIndex = 0; path = iOS_Learning.app; sourceTree = BUILT_PRODUCTS_DIR; };
		371687EE29D1AD7700B57BFF /* AppDelegate.swift */ = {isa = PBXFileReference; lastKnownFileType = sourcecode.swift; path = AppDelegate.swift; sourceTree = "<group>"; };
		371687F029D1AD7700B57BFF /* SceneDelegate.swift */ = {isa = PBXFileReference; lastKnownFileType = sourcecode.swift; path = SceneDelegate.swift; sourceTree = "<group>"; };
		371687F529D1AD7700B57BFF /* Base */ = {isa = PBXFileReference; lastKnownFileType = file.storyboard; name = Base; path = Base.lproj/Main.storyboard; sourceTree = "<group>"; };
		371687F729D1AD7900B57BFF /* Assets.xcassets */ = {isa = PBXFileReference; lastKnownFileType = folder.assetcatalog; path = Assets.xcassets; sourceTree = "<group>"; };
		371687FA29D1AD7900B57BFF /* Base */ = {isa = PBXFileReference; lastKnownFileType = file.storyboard; name = Base; path = Base.lproj/LaunchScreen.storyboard; sourceTree = "<group>"; };
		371687FC29D1AD7900B57BFF /* Info.plist */ = {isa = PBXFileReference; lastKnownFileType = text.plist.xml; path = Info.plist; sourceTree = "<group>"; };
		3716885729D21A8700B57BFF /* AlamofireRestClient.swift */ = {isa = PBXFileReference; fileEncoding = 4; lastKnownFileType = sourcecode.swift; path = AlamofireRestClient.swift; sourceTree = "<group>"; };
		3716885829D21A8700B57BFF /* HttpMethod.swift */ = {isa = PBXFileReference; fileEncoding = 4; lastKnownFileType = sourcecode.swift; path = HttpMethod.swift; sourceTree = "<group>"; };
		3716885929D21A8700B57BFF /* URLProvider.swift */ = {isa = PBXFileReference; fileEncoding = 4; lastKnownFileType = sourcecode.swift; path = URLProvider.swift; sourceTree = "<group>"; };
		3716885A29D21A8700B57BFF /* RestClientProtocol.swift */ = {isa = PBXFileReference; fileEncoding = 4; lastKnownFileType = sourcecode.swift; path = RestClientProtocol.swift; sourceTree = "<group>"; };
		3716885C29D21A8700B57BFF /* Logger.swift */ = {isa = PBXFileReference; fileEncoding = 4; lastKnownFileType = sourcecode.swift; path = Logger.swift; sourceTree = "<group>"; };
		3716886029D21A8700B57BFF /* SignUpPayload.swift */ = {isa = PBXFileReference; fileEncoding = 4; lastKnownFileType = sourcecode.swift; path = SignUpPayload.swift; sourceTree = "<group>"; };
		3716886129D21A8700B57BFF /* UserResponse.swift */ = {isa = PBXFileReference; fileEncoding = 4; lastKnownFileType = sourcecode.swift; path = UserResponse.swift; sourceTree = "<group>"; };
		3716886229D21A8700B57BFF /* SignUpServiceProtocol.swift */ = {isa = PBXFileReference; fileEncoding = 4; lastKnownFileType = sourcecode.swift; path = SignUpServiceProtocol.swift; sourceTree = "<group>"; };
		3716886329D21A8700B57BFF /* SignUpService.swift */ = {isa = PBXFileReference; fileEncoding = 4; lastKnownFileType = sourcecode.swift; path = SignUpService.swift; sourceTree = "<group>"; };
		3716886629D21A8700B57BFF /* LoginService.swift */ = {isa = PBXFileReference; fileEncoding = 4; lastKnownFileType = sourcecode.swift; path = LoginService.swift; sourceTree = "<group>"; };
		3716886829D21A8700B57BFF /* LoginPayload.swift */ = {isa = PBXFileReference; fileEncoding = 4; lastKnownFileType = sourcecode.swift; path = LoginPayload.swift; sourceTree = "<group>"; };
		3716886929D21A8700B57BFF /* LoginResponse.swift */ = {isa = PBXFileReference; fileEncoding = 4; lastKnownFileType = sourcecode.swift; path = LoginResponse.swift; sourceTree = "<group>"; };
		3716886A29D21A8700B57BFF /* LoginServiceProtocol.swift */ = {isa = PBXFileReference; fileEncoding = 4; lastKnownFileType = sourcecode.swift; path = LoginServiceProtocol.swift; sourceTree = "<group>"; };
		3716886C29D21A8700B57BFF /* RequestBuilder.swift */ = {isa = PBXFileReference; fileEncoding = 4; lastKnownFileType = sourcecode.swift; path = RequestBuilder.swift; sourceTree = "<group>"; };
		3716886E29D21A8700B57BFF /* Constants.swift */ = {isa = PBXFileReference; fileEncoding = 4; lastKnownFileType = sourcecode.swift; path = Constants.swift; sourceTree = "<group>"; };
		3716886F29D21A8700B57BFF /* Utils.swift */ = {isa = PBXFileReference; fileEncoding = 4; lastKnownFileType = sourcecode.swift; path = Utils.swift; sourceTree = "<group>"; };
		3716887129D21A8700B57BFF /* SignUpViewController.swift */ = {isa = PBXFileReference; fileEncoding = 4; lastKnownFileType = sourcecode.swift; path = SignUpViewController.swift; sourceTree = "<group>"; };
		3716887229D21A8700B57BFF /* ViewController.swift */ = {isa = PBXFileReference; fileEncoding = 4; lastKnownFileType = sourcecode.swift; path = ViewController.swift; sourceTree = "<group>"; };
		3716887329D21A8700B57BFF /* HomeViewController.swift */ = {isa = PBXFileReference; fileEncoding = 4; lastKnownFileType = sourcecode.swift; path = HomeViewController.swift; sourceTree = "<group>"; };
		3716887429D21A8700B57BFF /* LogInViewController.swift */ = {isa = PBXFileReference; fileEncoding = 4; lastKnownFileType = sourcecode.swift; path = LogInViewController.swift; sourceTree = "<group>"; };
		3716887729D21A8700B57BFF /* User.swift */ = {isa = PBXFileReference; fileEncoding = 4; lastKnownFileType = sourcecode.swift; path = User.swift; sourceTree = "<group>"; };
		3716887929D21A8700B57BFF /* ErrorCause.swift */ = {isa = PBXFileReference; fileEncoding = 4; lastKnownFileType = sourcecode.swift; path = ErrorCause.swift; sourceTree = "<group>"; };
		3716889629D247A700B57BFF /* LoadingOverlay.swift */ = {isa = PBXFileReference; lastKnownFileType = sourcecode.swift; path = LoadingOverlay.swift; sourceTree = "<group>"; };
		3723811329D4FBA800093FD6 /* UserServiceProtocol.swift */ = {isa = PBXFileReference; lastKnownFileType = sourcecode.swift; path = UserServiceProtocol.swift; sourceTree = "<group>"; };
		3723811529D4FD6E00093FD6 /* UserService.swift */ = {isa = PBXFileReference; lastKnownFileType = sourcecode.swift; path = UserService.swift; sourceTree = "<group>"; };
		3723812129D62AF700093FD6 /* App+Injection.swift */ = {isa = PBXFileReference; lastKnownFileType = sourcecode.swift; path = "App+Injection.swift"; sourceTree = "<group>"; };
		3723812329D64A2600093FD6 /* URLSessionRestClient.swift */ = {isa = PBXFileReference; lastKnownFileType = sourcecode.swift; path = URLSessionRestClient.swift; sourceTree = "<group>"; };
		3723812529D9803C00093FD6 /* DateUtil.swift */ = {isa = PBXFileReference; lastKnownFileType = sourcecode.swift; path = DateUtil.swift; sourceTree = "<group>"; };
		3723812C29DA072300093FD6 /* JSONDecoder+ISO8601DateDecodingStrategySetup.swift */ = {isa = PBXFileReference; lastKnownFileType = sourcecode.swift; path = "JSONDecoder+ISO8601DateDecodingStrategySetup.swift"; sourceTree = "<group>"; };
		3723813029DA1D3C00093FD6 /* AppUser.swift */ = {isa = PBXFileReference; lastKnownFileType = sourcecode.swift; path = AppUser.swift; sourceTree = "<group>"; };
		3723813429DA21F900093FD6 /* LoginManagerProtocol.swift */ = {isa = PBXFileReference; lastKnownFileType = sourcecode.swift; path = LoginManagerProtocol.swift; sourceTree = "<group>"; };
		3723813629DA220A00093FD6 /* LoginManager.swift */ = {isa = PBXFileReference; lastKnownFileType = sourcecode.swift; path = LoginManager.swift; sourceTree = "<group>"; };
		3723813A29DA25D000093FD6 /* SignUpManagerProtocol.swift */ = {isa = PBXFileReference; lastKnownFileType = sourcecode.swift; path = SignUpManagerProtocol.swift; sourceTree = "<group>"; };
		3723813C29DA263600093FD6 /* SignUpManager.swift */ = {isa = PBXFileReference; lastKnownFileType = sourcecode.swift; path = SignUpManager.swift; sourceTree = "<group>"; };
		3723814229DB751800093FD6 /* en */ = {isa = PBXFileReference; lastKnownFileType = text.plist.strings; name = en; path = en.lproj/Localizable.strings; sourceTree = "<group>"; };
		3723814429DB76E100093FD6 /* LocalizedStrings.swift */ = {isa = PBXFileReference; lastKnownFileType = sourcecode.swift; path = LocalizedStrings.swift; sourceTree = "<group>"; };
		3723814629DB77E000093FD6 /* String+Localized.swift */ = {isa = PBXFileReference; lastKnownFileType = sourcecode.swift; path = "String+Localized.swift"; sourceTree = "<group>"; };
		3723814929DC1E4100093FD6 /* StorageServiceProtocol.swift */ = {isa = PBXFileReference; lastKnownFileType = sourcecode.swift; path = StorageServiceProtocol.swift; sourceTree = "<group>"; };
		3723814B29DC1E9700093FD6 /* UserDefaultsStorageService.swift */ = {isa = PBXFileReference; lastKnownFileType = sourcecode.swift; path = UserDefaultsStorageService.swift; sourceTree = "<group>"; };
		3723814D29DC4D4A00093FD6 /* LoginRequestBuilder.swift */ = {isa = PBXFileReference; lastKnownFileType = sourcecode.swift; path = LoginRequestBuilder.swift; sourceTree = "<group>"; };
		3723815029DC904700093FD6 /* SignUpRequestBuilder.swift */ = {isa = PBXFileReference; lastKnownFileType = sourcecode.swift; path = SignUpRequestBuilder.swift; sourceTree = "<group>"; };
		3723815229DC929600093FD6 /* UserRequestBuilder.swift */ = {isa = PBXFileReference; lastKnownFileType = sourcecode.swift; path = UserRequestBuilder.swift; sourceTree = "<group>"; };
/* End PBXFileReference section */

/* Begin PBXFrameworksBuildPhase section */
		371687E829D1AD7700B57BFF /* Frameworks */ = {
			isa = PBXFrameworksBuildPhase;
			buildActionMask = 2147483647;
			files = (
				3723815629DCCC0D00093FD6 /* Resolver in Frameworks */,
				3723815929DCCC2100093FD6 /* Alamofire in Frameworks */,
			);
			runOnlyForDeploymentPostprocessing = 0;
		};
/* End PBXFrameworksBuildPhase section */

/* Begin PBXGroup section */
		371687E229D1AD7700B57BFF = {
			isa = PBXGroup;
			children = (
				371687ED29D1AD7700B57BFF /* iOS_Learning */,
				371687EC29D1AD7700B57BFF /* Products */,
			);
			sourceTree = "<group>";
		};
		371687EC29D1AD7700B57BFF /* Products */ = {
			isa = PBXGroup;
			children = (
				371687EB29D1AD7700B57BFF /* iOS_Learning.app */,
			);
			name = Products;
			sourceTree = "<group>";
		};
		371687ED29D1AD7700B57BFF /* iOS_Learning */ = {
			isa = PBXGroup;
			children = (
				3723812029D62AD700093FD6 /* Injection */,
				3716885B29D21A8700B57BFF /* Utils */,
				3716885629D21A8700B57BFF /* Network */,
				3716885D29D21A8700B57BFF /* Services */,
				3723813229DA218B00093FD6 /* Managers */,
				3716887529D21A8700B57BFF /* Model */,
				3716887029D21A8700B57BFF /* ViewController */,
				3716889529D2478D00B57BFF /* UserInterface */,
				3723813E29DB746F00093FD6 /* Resources */,
				371687EE29D1AD7700B57BFF /* AppDelegate.swift */,
				371687F029D1AD7700B57BFF /* SceneDelegate.swift */,
				371687F429D1AD7700B57BFF /* Main.storyboard */,
				371687F729D1AD7900B57BFF /* Assets.xcassets */,
				371687F929D1AD7900B57BFF /* LaunchScreen.storyboard */,
				371687FC29D1AD7900B57BFF /* Info.plist */,
			);
			path = iOS_Learning;
			sourceTree = "<group>";
		};
		3716885629D21A8700B57BFF /* Network */ = {
			isa = PBXGroup;
			children = (
				3716885829D21A8700B57BFF /* HttpMethod.swift */,
				3716885929D21A8700B57BFF /* URLProvider.swift */,
				3716885A29D21A8700B57BFF /* RestClientProtocol.swift */,
				3716885729D21A8700B57BFF /* AlamofireRestClient.swift */,
				3723812329D64A2600093FD6 /* URLSessionRestClient.swift */,
			);
			path = Network;
			sourceTree = "<group>";
		};
		3716885B29D21A8700B57BFF /* Utils */ = {
			isa = PBXGroup;
			children = (
				3716885C29D21A8700B57BFF /* Logger.swift */,
				3723812529D9803C00093FD6 /* DateUtil.swift */,
			);
			path = Utils;
			sourceTree = "<group>";
		};
		3716885D29D21A8700B57BFF /* Services */ = {
			isa = PBXGroup;
			children = (
				3723814F29DC900D00093FD6 /* Utils */,
				3723814829DC1E2300093FD6 /* StorageService */,
				3723812E29DA1CD400093FD6 /* Model */,
				3723811129D4FB8000093FD6 /* UserService */,
				3716885E29D21A8700B57BFF /* SignUpService */,
				3716886529D21A8700B57BFF /* LoginService */,
				3723812C29DA072300093FD6 /* JSONDecoder+ISO8601DateDecodingStrategySetup.swift */,
			);
			path = Services;
			sourceTree = "<group>";
		};
		3716885E29D21A8700B57BFF /* SignUpService */ = {
			isa = PBXGroup;
			children = (
				3716885F29D21A8700B57BFF /* Model */,
				3716886329D21A8700B57BFF /* SignUpService.swift */,
				3716886229D21A8700B57BFF /* SignUpServiceProtocol.swift */,
			);
			path = SignUpService;
			sourceTree = "<group>";
		};
		3716885F29D21A8700B57BFF /* Model */ = {
			isa = PBXGroup;
			children = (
				3716886029D21A8700B57BFF /* SignUpPayload.swift */,
			);
			path = Model;
			sourceTree = "<group>";
		};
		3716886529D21A8700B57BFF /* LoginService */ = {
			isa = PBXGroup;
			children = (
				3716886729D21A8700B57BFF /* Model */,
				3716886629D21A8700B57BFF /* LoginService.swift */,
				3716886A29D21A8700B57BFF /* LoginServiceProtocol.swift */,
			);
			path = LoginService;
			sourceTree = "<group>";
		};
		3716886729D21A8700B57BFF /* Model */ = {
			isa = PBXGroup;
			children = (
				3716886829D21A8700B57BFF /* LoginPayload.swift */,
				3716886929D21A8700B57BFF /* LoginResponse.swift */,
			);
			path = Model;
			sourceTree = "<group>";
		};
		3716886D29D21A8700B57BFF /* Helpers */ = {
			isa = PBXGroup;
			children = (
				3716886E29D21A8700B57BFF /* Constants.swift */,
				3716886F29D21A8700B57BFF /* Utils.swift */,
				3723814429DB76E100093FD6 /* LocalizedStrings.swift */,
			);
			path = Helpers;
			sourceTree = "<group>";
		};
		3716887029D21A8700B57BFF /* ViewController */ = {
			isa = PBXGroup;
			children = (
				3716886D29D21A8700B57BFF /* Helpers */,
				3716887229D21A8700B57BFF /* ViewController.swift */,
				3716887129D21A8700B57BFF /* SignUpViewController.swift */,
				3716887429D21A8700B57BFF /* LogInViewController.swift */,
				3716887329D21A8700B57BFF /* HomeViewController.swift */,
				3723814629DB77E000093FD6 /* String+Localized.swift */,
			);
			path = ViewController;
			sourceTree = "<group>";
		};
		3716887529D21A8700B57BFF /* Model */ = {
			isa = PBXGroup;
			children = (
				3723812F29DA1D2A00093FD6 /* AppUser */,
			);
			path = Model;
			sourceTree = "<group>";
		};
		3716887829D21A8700B57BFF /* Error */ = {
			isa = PBXGroup;
			children = (
				3716887929D21A8700B57BFF /* ErrorCause.swift */,
			);
			path = Error;
			sourceTree = "<group>";
		};
		3716889529D2478D00B57BFF /* UserInterface */ = {
			isa = PBXGroup;
			children = (
				3716889629D247A700B57BFF /* LoadingOverlay.swift */,
			);
			path = UserInterface;
			sourceTree = "<group>";
		};
		3723811129D4FB8000093FD6 /* UserService */ = {
			isa = PBXGroup;
			children = (
				3723811229D4FB9200093FD6 /* Model */,
				3723811529D4FD6E00093FD6 /* UserService.swift */,
				3723811329D4FBA800093FD6 /* UserServiceProtocol.swift */,
			);
			path = UserService;
			sourceTree = "<group>";
		};
		3723811229D4FB9200093FD6 /* Model */ = {
			isa = PBXGroup;
			children = (
				3716887729D21A8700B57BFF /* User.swift */,
				3716886129D21A8700B57BFF /* UserResponse.swift */,
			);
			path = Model;
			sourceTree = "<group>";
		};
		3723812029D62AD700093FD6 /* Injection */ = {
			isa = PBXGroup;
			children = (
				3723812129D62AF700093FD6 /* App+Injection.swift */,
			);
			path = Injection;
			sourceTree = "<group>";
		};
		3723812B29D9E28900093FD6 /* RequestBuilder */ = {
			isa = PBXGroup;
			children = (
				3716886C29D21A8700B57BFF /* RequestBuilder.swift */,
				3723814D29DC4D4A00093FD6 /* LoginRequestBuilder.swift */,
				3723815029DC904700093FD6 /* SignUpRequestBuilder.swift */,
				3723815229DC929600093FD6 /* UserRequestBuilder.swift */,
			);
			path = RequestBuilder;
			sourceTree = "<group>";
		};
		3723812E29DA1CD400093FD6 /* Model */ = {
			isa = PBXGroup;
			children = (
				3716887829D21A8700B57BFF /* Error */,
			);
			path = Model;
			sourceTree = "<group>";
		};
		3723812F29DA1D2A00093FD6 /* AppUser */ = {
			isa = PBXGroup;
			children = (
				3723813029DA1D3C00093FD6 /* AppUser.swift */,
			);
			path = AppUser;
			sourceTree = "<group>";
		};
		3723813229DA218B00093FD6 /* Managers */ = {
			isa = PBXGroup;
			children = (
				3723813329DA21E200093FD6 /* LoginManager */,
				3723813829DA255D00093FD6 /* SignUpManager */,
			);
			path = Managers;
			sourceTree = "<group>";
		};
		3723813329DA21E200093FD6 /* LoginManager */ = {
			isa = PBXGroup;
			children = (
				3723813629DA220A00093FD6 /* LoginManager.swift */,
				3723813429DA21F900093FD6 /* LoginManagerProtocol.swift */,
			);
			path = LoginManager;
			sourceTree = "<group>";
		};
		3723813829DA255D00093FD6 /* SignUpManager */ = {
			isa = PBXGroup;
			children = (
				3723813C29DA263600093FD6 /* SignUpManager.swift */,
				3723813A29DA25D000093FD6 /* SignUpManagerProtocol.swift */,
			);
			path = SignUpManager;
			sourceTree = "<group>";
		};
		3723813E29DB746F00093FD6 /* Resources */ = {
			isa = PBXGroup;
			children = (
				3723814329DB751800093FD6 /* Localizable.strings */,
			);
			path = Resources;
			sourceTree = "<group>";
		};
		3723814829DC1E2300093FD6 /* StorageService */ = {
			isa = PBXGroup;
			children = (
				3723814929DC1E4100093FD6 /* StorageServiceProtocol.swift */,
				3723814B29DC1E9700093FD6 /* UserDefaultsStorageService.swift */,
			);
			path = StorageService;
			sourceTree = "<group>";
		};
		3723814F29DC900D00093FD6 /* Utils */ = {
			isa = PBXGroup;
			children = (
				3723812B29D9E28900093FD6 /* RequestBuilder */,
			);
			path = Utils;
			sourceTree = "<group>";
		};
/* End PBXGroup section */

/* Begin PBXNativeTarget section */
		371687EA29D1AD7700B57BFF /* iOS_Learning */ = {
			isa = PBXNativeTarget;
			buildConfigurationList = 371687FF29D1AD7900B57BFF /* Build configuration list for PBXNativeTarget "iOS_Learning" */;
			buildPhases = (
				371687E729D1AD7700B57BFF /* Sources */,
				371687E829D1AD7700B57BFF /* Frameworks */,
				371687E929D1AD7700B57BFF /* Resources */,
			);
			buildRules = (
			);
			dependencies = (
			);
			name = iOS_Learning;
			packageProductDependencies = (
				3723815529DCCC0D00093FD6 /* Resolver */,
				3723815829DCCC2100093FD6 /* Alamofire */,
			);
			productName = iOS_Learning;
			productReference = 371687EB29D1AD7700B57BFF /* iOS_Learning.app */;
			productType = "com.apple.product-type.application";
		};
/* End PBXNativeTarget section */

/* Begin PBXProject section */
		371687E329D1AD7700B57BFF /* Project object */ = {
			isa = PBXProject;
			attributes = {
				BuildIndependentTargetsInParallel = 1;
				LastSwiftUpdateCheck = 1420;
				LastUpgradeCheck = 1420;
				TargetAttributes = {
					371687EA29D1AD7700B57BFF = {
						CreatedOnToolsVersion = 14.2;
					};
				};
			};
			buildConfigurationList = 371687E629D1AD7700B57BFF /* Build configuration list for PBXProject "iOS_Learning" */;
			compatibilityVersion = "Xcode 14.0";
			developmentRegion = en;
			hasScannedForEncodings = 0;
			knownRegions = (
				en,
				Base,
			);
			mainGroup = 371687E229D1AD7700B57BFF;
			packageReferences = (
				3723815429DCCC0D00093FD6 /* XCRemoteSwiftPackageReference "Resolver" */,
				3723815729DCCC2100093FD6 /* XCRemoteSwiftPackageReference "Alamofire" */,
			);
			productRefGroup = 371687EC29D1AD7700B57BFF /* Products */;
			projectDirPath = "";
			projectRoot = "";
			targets = (
				371687EA29D1AD7700B57BFF /* iOS_Learning */,
			);
		};
/* End PBXProject section */

/* Begin PBXResourcesBuildPhase section */
		371687E929D1AD7700B57BFF /* Resources */ = {
			isa = PBXResourcesBuildPhase;
			buildActionMask = 2147483647;
			files = (
				371687FB29D1AD7900B57BFF /* LaunchScreen.storyboard in Resources */,
				3723814129DB751800093FD6 /* Localizable.strings in Resources */,
				371687F829D1AD7900B57BFF /* Assets.xcassets in Resources */,
				371687F629D1AD7700B57BFF /* Main.storyboard in Resources */,
			);
			runOnlyForDeploymentPostprocessing = 0;
		};
/* End PBXResourcesBuildPhase section */

/* Begin PBXSourcesBuildPhase section */
		371687E729D1AD7700B57BFF /* Sources */ = {
			isa = PBXSourcesBuildPhase;
			buildActionMask = 2147483647;
			files = (
				3723812629D9803C00093FD6 /* DateUtil.swift in Sources */,
				3716889229D21A8700B57BFF /* User.swift in Sources */,
				3716888E29D21A8700B57BFF /* SignUpViewController.swift in Sources */,
				3716888929D21A8700B57BFF /* LoginServiceProtocol.swift in Sources */,
				3716888629D21A8700B57BFF /* LoginService.swift in Sources */,
				3723813729DA220A00093FD6 /* LoginManager.swift in Sources */,
				3723812229D62AF700093FD6 /* App+Injection.swift in Sources */,
				3716887C29D21A8700B57BFF /* AlamofireRestClient.swift in Sources */,
				3723813D29DA263600093FD6 /* SignUpManager.swift in Sources */,
				3716887E29D21A8700B57BFF /* URLProvider.swift in Sources */,
				3716888F29D21A8700B57BFF /* ViewController.swift in Sources */,
				3723811629D4FD6E00093FD6 /* UserService.swift in Sources */,
				3723812429D64A2600093FD6 /* URLSessionRestClient.swift in Sources */,
				3716888129D21A8700B57BFF /* SignUpPayload.swift in Sources */,
				3716888829D21A8700B57BFF /* LoginResponse.swift in Sources */,
				3716889729D247A700B57BFF /* LoadingOverlay.swift in Sources */,
				3716887D29D21A8700B57BFF /* HttpMethod.swift in Sources */,
				3723814C29DC1E9700093FD6 /* UserDefaultsStorageService.swift in Sources */,
				3716889029D21A8700B57BFF /* HomeViewController.swift in Sources */,
				3716888D29D21A8700B57BFF /* Utils.swift in Sources */,
				371687EF29D1AD7700B57BFF /* AppDelegate.swift in Sources */,
				3723811429D4FBA800093FD6 /* UserServiceProtocol.swift in Sources */,
				3723814529DB76E100093FD6 /* LocalizedStrings.swift in Sources */,
				3716888429D21A8700B57BFF /* SignUpService.swift in Sources */,
				3716887F29D21A8700B57BFF /* RestClientProtocol.swift in Sources */,
				3716888729D21A8700B57BFF /* LoginPayload.swift in Sources */,
				3723814E29DC4D4A00093FD6 /* LoginRequestBuilder.swift in Sources */,
				3716888B29D21A8700B57BFF /* RequestBuilder.swift in Sources */,
				3723813129DA1D3C00093FD6 /* AppUser.swift in Sources */,
				3723813B29DA25D000093FD6 /* SignUpManagerProtocol.swift in Sources */,
				371687F129D1AD7700B57BFF /* SceneDelegate.swift in Sources */,
				3716888C29D21A8700B57BFF /* Constants.swift in Sources */,
				3716888229D21A8700B57BFF /* UserResponse.swift in Sources */,
				3716889329D21A8700B57BFF /* ErrorCause.swift in Sources */,
				3723814729DB77E000093FD6 /* String+Localized.swift in Sources */,
				3723813529DA21F900093FD6 /* LoginManagerProtocol.swift in Sources */,
				3716888029D21A8700B57BFF /* Logger.swift in Sources */,
				3716889129D21A8700B57BFF /* LogInViewController.swift in Sources */,
				3716888329D21A8700B57BFF /* SignUpServiceProtocol.swift in Sources */,
				3723815129DC904700093FD6 /* SignUpRequestBuilder.swift in Sources */,
				3723814A29DC1E4100093FD6 /* StorageServiceProtocol.swift in Sources */,
				3723812D29DA072300093FD6 /* JSONDecoder+ISO8601DateDecodingStrategySetup.swift in Sources */,
				3723815329DC929600093FD6 /* UserRequestBuilder.swift in Sources */,
			);
			runOnlyForDeploymentPostprocessing = 0;
		};
/* End PBXSourcesBuildPhase section */

/* Begin PBXVariantGroup section */
		371687F429D1AD7700B57BFF /* Main.storyboard */ = {
			isa = PBXVariantGroup;
			children = (
				371687F529D1AD7700B57BFF /* Base */,
			);
			name = Main.storyboard;
			sourceTree = "<group>";
		};
		371687F929D1AD7900B57BFF /* LaunchScreen.storyboard */ = {
			isa = PBXVariantGroup;
			children = (
				371687FA29D1AD7900B57BFF /* Base */,
			);
			name = LaunchScreen.storyboard;
			sourceTree = "<group>";
		};
		3723814329DB751800093FD6 /* Localizable.strings */ = {
			isa = PBXVariantGroup;
			children = (
				3723814229DB751800093FD6 /* en */,
			);
			name = Localizable.strings;
			sourceTree = "<group>";
		};
/* End PBXVariantGroup section */

/* Begin XCBuildConfiguration section */
		371687FD29D1AD7900B57BFF /* Debug */ = {
			isa = XCBuildConfiguration;
			buildSettings = {
				ALWAYS_SEARCH_USER_PATHS = NO;
				CLANG_ANALYZER_NONNULL = YES;
				CLANG_ANALYZER_NUMBER_OBJECT_CONVERSION = YES_AGGRESSIVE;
				CLANG_CXX_LANGUAGE_STANDARD = "gnu++20";
				CLANG_ENABLE_MODULES = YES;
				CLANG_ENABLE_OBJC_ARC = YES;
				CLANG_ENABLE_OBJC_WEAK = YES;
				CLANG_WARN_BLOCK_CAPTURE_AUTORELEASING = YES;
				CLANG_WARN_BOOL_CONVERSION = YES;
				CLANG_WARN_COMMA = YES;
				CLANG_WARN_CONSTANT_CONVERSION = YES;
				CLANG_WARN_DEPRECATED_OBJC_IMPLEMENTATIONS = YES;
				CLANG_WARN_DIRECT_OBJC_ISA_USAGE = YES_ERROR;
				CLANG_WARN_DOCUMENTATION_COMMENTS = YES;
				CLANG_WARN_EMPTY_BODY = YES;
				CLANG_WARN_ENUM_CONVERSION = YES;
				CLANG_WARN_INFINITE_RECURSION = YES;
				CLANG_WARN_INT_CONVERSION = YES;
				CLANG_WARN_NON_LITERAL_NULL_CONVERSION = YES;
				CLANG_WARN_OBJC_IMPLICIT_RETAIN_SELF = YES;
				CLANG_WARN_OBJC_LITERAL_CONVERSION = YES;
				CLANG_WARN_OBJC_ROOT_CLASS = YES_ERROR;
				CLANG_WARN_QUOTED_INCLUDE_IN_FRAMEWORK_HEADER = YES;
				CLANG_WARN_RANGE_LOOP_ANALYSIS = YES;
				CLANG_WARN_STRICT_PROTOTYPES = YES;
				CLANG_WARN_SUSPICIOUS_MOVE = YES;
				CLANG_WARN_UNGUARDED_AVAILABILITY = YES_AGGRESSIVE;
				CLANG_WARN_UNREACHABLE_CODE = YES;
				CLANG_WARN__DUPLICATE_METHOD_MATCH = YES;
				COPY_PHASE_STRIP = NO;
				DEBUG_INFORMATION_FORMAT = dwarf;
				ENABLE_STRICT_OBJC_MSGSEND = YES;
				ENABLE_TESTABILITY = YES;
				GCC_C_LANGUAGE_STANDARD = gnu11;
				GCC_DYNAMIC_NO_PIC = NO;
				GCC_NO_COMMON_BLOCKS = YES;
				GCC_OPTIMIZATION_LEVEL = 0;
				GCC_PREPROCESSOR_DEFINITIONS = (
					"DEBUG=1",
					"$(inherited)",
				);
				GCC_WARN_64_TO_32_BIT_CONVERSION = YES;
				GCC_WARN_ABOUT_RETURN_TYPE = YES_ERROR;
				GCC_WARN_UNDECLARED_SELECTOR = YES;
				GCC_WARN_UNINITIALIZED_AUTOS = YES_AGGRESSIVE;
				GCC_WARN_UNUSED_FUNCTION = YES;
				GCC_WARN_UNUSED_VARIABLE = YES;
				IPHONEOS_DEPLOYMENT_TARGET = 16.2;
				MTL_ENABLE_DEBUG_INFO = INCLUDE_SOURCE;
				MTL_FAST_MATH = YES;
				ONLY_ACTIVE_ARCH = YES;
				SDKROOT = iphoneos;
				SWIFT_ACTIVE_COMPILATION_CONDITIONS = DEBUG;
				SWIFT_OPTIMIZATION_LEVEL = "-Onone";
			};
			name = Debug;
		};
		371687FE29D1AD7900B57BFF /* Release */ = {
			isa = XCBuildConfiguration;
			buildSettings = {
				ALWAYS_SEARCH_USER_PATHS = NO;
				CLANG_ANALYZER_NONNULL = YES;
				CLANG_ANALYZER_NUMBER_OBJECT_CONVERSION = YES_AGGRESSIVE;
				CLANG_CXX_LANGUAGE_STANDARD = "gnu++20";
				CLANG_ENABLE_MODULES = YES;
				CLANG_ENABLE_OBJC_ARC = YES;
				CLANG_ENABLE_OBJC_WEAK = YES;
				CLANG_WARN_BLOCK_CAPTURE_AUTORELEASING = YES;
				CLANG_WARN_BOOL_CONVERSION = YES;
				CLANG_WARN_COMMA = YES;
				CLANG_WARN_CONSTANT_CONVERSION = YES;
				CLANG_WARN_DEPRECATED_OBJC_IMPLEMENTATIONS = YES;
				CLANG_WARN_DIRECT_OBJC_ISA_USAGE = YES_ERROR;
				CLANG_WARN_DOCUMENTATION_COMMENTS = YES;
				CLANG_WARN_EMPTY_BODY = YES;
				CLANG_WARN_ENUM_CONVERSION = YES;
				CLANG_WARN_INFINITE_RECURSION = YES;
				CLANG_WARN_INT_CONVERSION = YES;
				CLANG_WARN_NON_LITERAL_NULL_CONVERSION = YES;
				CLANG_WARN_OBJC_IMPLICIT_RETAIN_SELF = YES;
				CLANG_WARN_OBJC_LITERAL_CONVERSION = YES;
				CLANG_WARN_OBJC_ROOT_CLASS = YES_ERROR;
				CLANG_WARN_QUOTED_INCLUDE_IN_FRAMEWORK_HEADER = YES;
				CLANG_WARN_RANGE_LOOP_ANALYSIS = YES;
				CLANG_WARN_STRICT_PROTOTYPES = YES;
				CLANG_WARN_SUSPICIOUS_MOVE = YES;
				CLANG_WARN_UNGUARDED_AVAILABILITY = YES_AGGRESSIVE;
				CLANG_WARN_UNREACHABLE_CODE = YES;
				CLANG_WARN__DUPLICATE_METHOD_MATCH = YES;
				COPY_PHASE_STRIP = NO;
				DEBUG_INFORMATION_FORMAT = "dwarf-with-dsym";
				ENABLE_NS_ASSERTIONS = NO;
				ENABLE_STRICT_OBJC_MSGSEND = YES;
				GCC_C_LANGUAGE_STANDARD = gnu11;
				GCC_NO_COMMON_BLOCKS = YES;
				GCC_WARN_64_TO_32_BIT_CONVERSION = YES;
				GCC_WARN_ABOUT_RETURN_TYPE = YES_ERROR;
				GCC_WARN_UNDECLARED_SELECTOR = YES;
				GCC_WARN_UNINITIALIZED_AUTOS = YES_AGGRESSIVE;
				GCC_WARN_UNUSED_FUNCTION = YES;
				GCC_WARN_UNUSED_VARIABLE = YES;
				IPHONEOS_DEPLOYMENT_TARGET = 16.2;
				MTL_ENABLE_DEBUG_INFO = NO;
				MTL_FAST_MATH = YES;
				SDKROOT = iphoneos;
				SWIFT_COMPILATION_MODE = wholemodule;
				SWIFT_OPTIMIZATION_LEVEL = "-O";
				VALIDATE_PRODUCT = YES;
			};
			name = Release;
		};
		3716880029D1AD7900B57BFF /* Debug */ = {
			isa = XCBuildConfiguration;
			buildSettings = {
				ASSETCATALOG_COMPILER_APPICON_NAME = AppIcon;
				ASSETCATALOG_COMPILER_GLOBAL_ACCENT_COLOR_NAME = AccentColor;
				CODE_SIGN_STYLE = Automatic;
				CURRENT_PROJECT_VERSION = 1;
				DEVELOPMENT_ASSET_PATHS = "";
				GENERATE_INFOPLIST_FILE = YES;
				INFOPLIST_FILE = iOS_Learning/Info.plist;
				INFOPLIST_KEY_UIApplicationSupportsIndirectInputEvents = YES;
				INFOPLIST_KEY_UILaunchStoryboardName = LaunchScreen;
				INFOPLIST_KEY_UIMainStoryboardFile = Main;
				INFOPLIST_KEY_UISupportedInterfaceOrientations_iPad = "UIInterfaceOrientationPortrait UIInterfaceOrientationPortraitUpsideDown UIInterfaceOrientationLandscapeLeft UIInterfaceOrientationLandscapeRight";
				INFOPLIST_KEY_UISupportedInterfaceOrientations_iPhone = "UIInterfaceOrientationPortrait UIInterfaceOrientationLandscapeLeft UIInterfaceOrientationLandscapeRight";
				LD_RUNPATH_SEARCH_PATHS = (
					"$(inherited)",
					"@executable_path/Frameworks",
				);
				MARKETING_VERSION = 1.0;
				PRODUCT_BUNDLE_IDENTIFIER = "com.yabadabado.iOS-Learning";
				PRODUCT_NAME = "$(TARGET_NAME)";
				SWIFT_EMIT_LOC_STRINGS = YES;
				SWIFT_VERSION = 5.0;
				TARGETED_DEVICE_FAMILY = "1,2";
			};
			name = Debug;
		};
		3716880129D1AD7900B57BFF /* Release */ = {
			isa = XCBuildConfiguration;
			buildSettings = {
				ASSETCATALOG_COMPILER_APPICON_NAME = AppIcon;
				ASSETCATALOG_COMPILER_GLOBAL_ACCENT_COLOR_NAME = AccentColor;
				CODE_SIGN_STYLE = Automatic;
				CURRENT_PROJECT_VERSION = 1;
				DEVELOPMENT_ASSET_PATHS = "";
				GENERATE_INFOPLIST_FILE = YES;
				INFOPLIST_FILE = iOS_Learning/Info.plist;
				INFOPLIST_KEY_UIApplicationSupportsIndirectInputEvents = YES;
				INFOPLIST_KEY_UILaunchStoryboardName = LaunchScreen;
				INFOPLIST_KEY_UIMainStoryboardFile = Main;
				INFOPLIST_KEY_UISupportedInterfaceOrientations_iPad = "UIInterfaceOrientationPortrait UIInterfaceOrientationPortraitUpsideDown UIInterfaceOrientationLandscapeLeft UIInterfaceOrientationLandscapeRight";
				INFOPLIST_KEY_UISupportedInterfaceOrientations_iPhone = "UIInterfaceOrientationPortrait UIInterfaceOrientationLandscapeLeft UIInterfaceOrientationLandscapeRight";
				LD_RUNPATH_SEARCH_PATHS = (
					"$(inherited)",
					"@executable_path/Frameworks",
				);
				MARKETING_VERSION = 1.0;
				PRODUCT_BUNDLE_IDENTIFIER = "com.yabadabado.iOS-Learning";
				PRODUCT_NAME = "$(TARGET_NAME)";
				SWIFT_EMIT_LOC_STRINGS = YES;
				SWIFT_VERSION = 5.0;
				TARGETED_DEVICE_FAMILY = "1,2";
			};
			name = Release;
		};
/* End XCBuildConfiguration section */

/* Begin XCConfigurationList section */
		371687E629D1AD7700B57BFF /* Build configuration list for PBXProject "iOS_Learning" */ = {
			isa = XCConfigurationList;
			buildConfigurations = (
				371687FD29D1AD7900B57BFF /* Debug */,
				371687FE29D1AD7900B57BFF /* Release */,
			);
			defaultConfigurationIsVisible = 0;
			defaultConfigurationName = Release;
		};
		371687FF29D1AD7900B57BFF /* Build configuration list for PBXNativeTarget "iOS_Learning" */ = {
			isa = XCConfigurationList;
			buildConfigurations = (
				3716880029D1AD7900B57BFF /* Debug */,
				3716880129D1AD7900B57BFF /* Release */,
			);
			defaultConfigurationIsVisible = 0;
			defaultConfigurationName = Release;
		};
/* End XCConfigurationList section */

/* Begin XCRemoteSwiftPackageReference section */
		3723815429DCCC0D00093FD6 /* XCRemoteSwiftPackageReference "Resolver" */ = {
			isa = XCRemoteSwiftPackageReference;
			repositoryURL = "https://github.com/hmlongco/Resolver.git";
			requirement = {
				branch = master;
				kind = branch;
			};
		};
		3723815729DCCC2100093FD6 /* XCRemoteSwiftPackageReference "Alamofire" */ = {
			isa = XCRemoteSwiftPackageReference;
			repositoryURL = "https://github.com/Alamofire/Alamofire.git";
			requirement = {
				branch = master;
				kind = branch;
			};
		};
/* End XCRemoteSwiftPackageReference section */

/* Begin XCSwiftPackageProductDependency section */
		3723815529DCCC0D00093FD6 /* Resolver */ = {
			isa = XCSwiftPackageProductDependency;
			package = 3723815429DCCC0D00093FD6 /* XCRemoteSwiftPackageReference "Resolver" */;
			productName = Resolver;
		};
		3723815829DCCC2100093FD6 /* Alamofire */ = {
			isa = XCSwiftPackageProductDependency;
			package = 3723815729DCCC2100093FD6 /* XCRemoteSwiftPackageReference "Alamofire" */;
			productName = Alamofire;
		};
/* End XCSwiftPackageProductDependency section */
	};
	rootObject = 371687E329D1AD7700B57BFF /* Project object */;
}
