// !$*UTF8*$!
{
	archiveVersion = 1;
	classes = {
	};
	objectVersion = 56;
	objects = {

/* Begin PBXBuildFile section */
		371687EF29D1AD7700B57BFF /* AppDelegate.swift in Sources */ = {isa = PBXBuildFile; fileRef = 371687EE29D1AD7700B57BFF /* AppDelegate.swift */; };
		371687F129D1AD7700B57BFF /* SceneDelegate.swift in Sources */ = {isa = PBXBuildFile; fileRef = 371687F029D1AD7700B57BFF /* SceneDelegate.swift */; };
		371687F629D1AD7700B57BFF /* Main.storyboard in Resources */ = {isa = PBXBuildFile; fileRef = 371687F429D1AD7700B57BFF /* Main.storyboard */; };
		371687F829D1AD7900B57BFF /* Assets.xcassets in Resources */ = {isa = PBXBuildFile; fileRef = 371687F729D1AD7900B57BFF /* Assets.xcassets */; };
		371687FB29D1AD7900B57BFF /* LaunchScreen.storyboard in Resources */ = {isa = PBXBuildFile; fileRef = 371687F929D1AD7900B57BFF /* LaunchScreen.storyboard */; };
		37774DD629DD74500063C564 /* SignUpManagerProtocol.swift in Sources */ = {isa = PBXBuildFile; fileRef = 37774D9429DD744F0063C564 /* SignUpManagerProtocol.swift */; };
		37774DD729DD74500063C564 /* SignUpManager.swift in Sources */ = {isa = PBXBuildFile; fileRef = 37774D9529DD744F0063C564 /* SignUpManager.swift */; };
		37774DD829DD74500063C564 /* LoginManager.swift in Sources */ = {isa = PBXBuildFile; fileRef = 37774D9729DD744F0063C564 /* LoginManager.swift */; };
		37774DD929DD74500063C564 /* LoginManagerProtocol.swift in Sources */ = {isa = PBXBuildFile; fileRef = 37774D9829DD744F0063C564 /* LoginManagerProtocol.swift */; };
		37774DDA29DD74500063C564 /* SignUpServiceProtocol.swift in Sources */ = {isa = PBXBuildFile; fileRef = 37774D9B29DD74500063C564 /* SignUpServiceProtocol.swift */; };
		37774DDB29DD74500063C564 /* SignUpPayload.swift in Sources */ = {isa = PBXBuildFile; fileRef = 37774D9D29DD74500063C564 /* SignUpPayload.swift */; };
		37774DDC29DD74500063C564 /* SignUpService.swift in Sources */ = {isa = PBXBuildFile; fileRef = 37774D9E29DD74500063C564 /* SignUpService.swift */; };
		37774DDD29DD74500063C564 /* StorageServiceProtocol.swift in Sources */ = {isa = PBXBuildFile; fileRef = 37774DA029DD74500063C564 /* StorageServiceProtocol.swift */; };
		37774DDE29DD74500063C564 /* UserDefaultsStorageService.swift in Sources */ = {isa = PBXBuildFile; fileRef = 37774DA129DD74500063C564 /* UserDefaultsStorageService.swift */; };
		37774DDF29DD74500063C564 /* RequestBuilder.swift in Sources */ = {isa = PBXBuildFile; fileRef = 37774DA429DD74500063C564 /* RequestBuilder.swift */; };
		37774DE029DD74500063C564 /* SignUpRequestBuilder.swift in Sources */ = {isa = PBXBuildFile; fileRef = 37774DA529DD74500063C564 /* SignUpRequestBuilder.swift */; };
		37774DE129DD74500063C564 /* LoginRequestBuilder.swift in Sources */ = {isa = PBXBuildFile; fileRef = 37774DA629DD74500063C564 /* LoginRequestBuilder.swift */; };
		37774DE229DD74500063C564 /* UserRequestBuilder.swift in Sources */ = {isa = PBXBuildFile; fileRef = 37774DA729DD74500063C564 /* UserRequestBuilder.swift */; };
		37774DE329DD74500063C564 /* UserService.swift in Sources */ = {isa = PBXBuildFile; fileRef = 37774DA929DD74500063C564 /* UserService.swift */; };
		37774DE429DD74500063C564 /* User.swift in Sources */ = {isa = PBXBuildFile; fileRef = 37774DAB29DD74500063C564 /* User.swift */; };
		37774DE529DD74500063C564 /* UserResponse.swift in Sources */ = {isa = PBXBuildFile; fileRef = 37774DAC29DD74500063C564 /* UserResponse.swift */; };
		37774DE629DD74500063C564 /* UserServiceProtocol.swift in Sources */ = {isa = PBXBuildFile; fileRef = 37774DAD29DD74500063C564 /* UserServiceProtocol.swift */; };
		37774DE729DD74510063C564 /* ErrorCause.swift in Sources */ = {isa = PBXBuildFile; fileRef = 37774DB029DD74500063C564 /* ErrorCause.swift */; };
		37774DE829DD74510063C564 /* LoginServiceProtocol.swift in Sources */ = {isa = PBXBuildFile; fileRef = 37774DB229DD74500063C564 /* LoginServiceProtocol.swift */; };
		37774DE929DD74510063C564 /* LoginPayload.swift in Sources */ = {isa = PBXBuildFile; fileRef = 37774DB429DD74500063C564 /* LoginPayload.swift */; };
		37774DEA29DD74510063C564 /* LoginResponse.swift in Sources */ = {isa = PBXBuildFile; fileRef = 37774DB529DD74500063C564 /* LoginResponse.swift */; };
		37774DEB29DD74510063C564 /* LoginService.swift in Sources */ = {isa = PBXBuildFile; fileRef = 37774DB629DD74500063C564 /* LoginService.swift */; };
		37774DEC29DD74510063C564 /* JSONDecoder+ISO8601DateDecodingStrategySetup.swift in Sources */ = {isa = PBXBuildFile; fileRef = 37774DB729DD74500063C564 /* JSONDecoder+ISO8601DateDecodingStrategySetup.swift */; };
		37774DED29DD74510063C564 /* Localizable.strings in Resources */ = {isa = PBXBuildFile; fileRef = 37774DB929DD74500063C564 /* Localizable.strings */; };
		37774DEE29DD74510063C564 /* DateUtil.swift in Sources */ = {isa = PBXBuildFile; fileRef = 37774DBC29DD74500063C564 /* DateUtil.swift */; };
		37774DEF29DD74510063C564 /* Logger.swift in Sources */ = {isa = PBXBuildFile; fileRef = 37774DBD29DD74500063C564 /* Logger.swift */; };
		37774DF029DD74510063C564 /* AppUser.swift in Sources */ = {isa = PBXBuildFile; fileRef = 37774DC029DD74500063C564 /* AppUser.swift */; };
		37774DF129DD74510063C564 /* URLSessionRestClient.swift in Sources */ = {isa = PBXBuildFile; fileRef = 37774DC229DD74500063C564 /* URLSessionRestClient.swift */; };
		37774DF229DD74510063C564 /* HttpMethod.swift in Sources */ = {isa = PBXBuildFile; fileRef = 37774DC329DD74500063C564 /* HttpMethod.swift */; };
		37774DF329DD74510063C564 /* RestClientProtocol.swift in Sources */ = {isa = PBXBuildFile; fileRef = 37774DC429DD74500063C564 /* RestClientProtocol.swift */; };
		37774DF429DD74510063C564 /* URLProvider.swift in Sources */ = {isa = PBXBuildFile; fileRef = 37774DC529DD74500063C564 /* URLProvider.swift */; };
		37774DF529DD74510063C564 /* AlamofireRestClient.swift in Sources */ = {isa = PBXBuildFile; fileRef = 37774DC629DD74500063C564 /* AlamofireRestClient.swift */; };
		37774DF629DD74510063C564 /* LoadingOverlay.swift in Sources */ = {isa = PBXBuildFile; fileRef = 37774DC829DD74500063C564 /* LoadingOverlay.swift */; };
		37774DF729DD74510063C564 /* App+Injection.swift in Sources */ = {isa = PBXBuildFile; fileRef = 37774DCA29DD74500063C564 /* App+Injection.swift */; };
		37774DF829DD74510063C564 /* SignUpViewController.swift in Sources */ = {isa = PBXBuildFile; fileRef = 37774DCC29DD74500063C564 /* SignUpViewController.swift */; };
		37774DF929DD74510063C564 /* ViewController.swift in Sources */ = {isa = PBXBuildFile; fileRef = 37774DCD29DD74500063C564 /* ViewController.swift */; };
		37774DFA29DD74510063C564 /* String+Localized.swift in Sources */ = {isa = PBXBuildFile; fileRef = 37774DCE29DD74500063C564 /* String+Localized.swift */; };
		37774DFB29DD74510063C564 /* HomeViewController.swift in Sources */ = {isa = PBXBuildFile; fileRef = 37774DCF29DD74500063C564 /* HomeViewController.swift */; };
		37774DFC29DD74510063C564 /* LogInViewController.swift in Sources */ = {isa = PBXBuildFile; fileRef = 37774DD029DD74500063C564 /* LogInViewController.swift */; };
		37774DFD29DD74510063C564 /* Constants.swift in Sources */ = {isa = PBXBuildFile; fileRef = 37774DD229DD74500063C564 /* Constants.swift */; };
		37774DFE29DD74510063C564 /* LocalizedStrings.swift in Sources */ = {isa = PBXBuildFile; fileRef = 37774DD329DD74500063C564 /* LocalizedStrings.swift */; };
		37774DFF29DD74510063C564 /* Utils.swift in Sources */ = {isa = PBXBuildFile; fileRef = 37774DD429DD74500063C564 /* Utils.swift */; };
		78924B0A8E1B90592B385855 /* Pods_iOS_Learning.framework in Frameworks */ = {isa = PBXBuildFile; fileRef = 76FE29C7227610FB3DDCC252 /* Pods_iOS_Learning.framework */; };
/* End PBXBuildFile section */

/* Begin PBXFileReference section */
		1C7FA85A8DFD6E0290A85999 /* Pods-iOS_Learning.debug.xcconfig */ = {isa = PBXFileReference; includeInIndex = 1; lastKnownFileType = text.xcconfig; name = "Pods-iOS_Learning.debug.xcconfig"; path = "Target Support Files/Pods-iOS_Learning/Pods-iOS_Learning.debug.xcconfig"; sourceTree = "<group>"; };
		371687EB29D1AD7700B57BFF /* iOS_Learning.app */ = {isa = PBXFileReference; explicitFileType = wrapper.application; includeInIndex = 0; path = iOS_Learning.app; sourceTree = BUILT_PRODUCTS_DIR; };
		371687EE29D1AD7700B57BFF /* AppDelegate.swift */ = {isa = PBXFileReference; lastKnownFileType = sourcecode.swift; path = AppDelegate.swift; sourceTree = "<group>"; };
		371687F029D1AD7700B57BFF /* SceneDelegate.swift */ = {isa = PBXFileReference; lastKnownFileType = sourcecode.swift; path = SceneDelegate.swift; sourceTree = "<group>"; };
		371687F529D1AD7700B57BFF /* Base */ = {isa = PBXFileReference; lastKnownFileType = file.storyboard; name = Base; path = Base.lproj/Main.storyboard; sourceTree = "<group>"; };
		371687F729D1AD7900B57BFF /* Assets.xcassets */ = {isa = PBXFileReference; lastKnownFileType = folder.assetcatalog; path = Assets.xcassets; sourceTree = "<group>"; };
		371687FA29D1AD7900B57BFF /* Base */ = {isa = PBXFileReference; lastKnownFileType = file.storyboard; name = Base; path = Base.lproj/LaunchScreen.storyboard; sourceTree = "<group>"; };
		371687FC29D1AD7900B57BFF /* Info.plist */ = {isa = PBXFileReference; lastKnownFileType = text.plist.xml; path = Info.plist; sourceTree = "<group>"; };
		37774D9429DD744F0063C564 /* SignUpManagerProtocol.swift */ = {isa = PBXFileReference; fileEncoding = 4; lastKnownFileType = sourcecode.swift; path = SignUpManagerProtocol.swift; sourceTree = "<group>"; };
		37774D9529DD744F0063C564 /* SignUpManager.swift */ = {isa = PBXFileReference; fileEncoding = 4; lastKnownFileType = sourcecode.swift; path = SignUpManager.swift; sourceTree = "<group>"; };
		37774D9729DD744F0063C564 /* LoginManager.swift */ = {isa = PBXFileReference; fileEncoding = 4; lastKnownFileType = sourcecode.swift; path = LoginManager.swift; sourceTree = "<group>"; };
		37774D9829DD744F0063C564 /* LoginManagerProtocol.swift */ = {isa = PBXFileReference; fileEncoding = 4; lastKnownFileType = sourcecode.swift; path = LoginManagerProtocol.swift; sourceTree = "<group>"; };
		37774D9B29DD74500063C564 /* SignUpServiceProtocol.swift */ = {isa = PBXFileReference; fileEncoding = 4; lastKnownFileType = sourcecode.swift; path = SignUpServiceProtocol.swift; sourceTree = "<group>"; };
		37774D9D29DD74500063C564 /* SignUpPayload.swift */ = {isa = PBXFileReference; fileEncoding = 4; lastKnownFileType = sourcecode.swift; path = SignUpPayload.swift; sourceTree = "<group>"; };
		37774D9E29DD74500063C564 /* SignUpService.swift */ = {isa = PBXFileReference; fileEncoding = 4; lastKnownFileType = sourcecode.swift; path = SignUpService.swift; sourceTree = "<group>"; };
		37774DA029DD74500063C564 /* StorageServiceProtocol.swift */ = {isa = PBXFileReference; fileEncoding = 4; lastKnownFileType = sourcecode.swift; path = StorageServiceProtocol.swift; sourceTree = "<group>"; };
		37774DA129DD74500063C564 /* UserDefaultsStorageService.swift */ = {isa = PBXFileReference; fileEncoding = 4; lastKnownFileType = sourcecode.swift; path = UserDefaultsStorageService.swift; sourceTree = "<group>"; };
		37774DA429DD74500063C564 /* RequestBuilder.swift */ = {isa = PBXFileReference; fileEncoding = 4; lastKnownFileType = sourcecode.swift; path = RequestBuilder.swift; sourceTree = "<group>"; };
		37774DA529DD74500063C564 /* SignUpRequestBuilder.swift */ = {isa = PBXFileReference; fileEncoding = 4; lastKnownFileType = sourcecode.swift; path = SignUpRequestBuilder.swift; sourceTree = "<group>"; };
		37774DA629DD74500063C564 /* LoginRequestBuilder.swift */ = {isa = PBXFileReference; fileEncoding = 4; lastKnownFileType = sourcecode.swift; path = LoginRequestBuilder.swift; sourceTree = "<group>"; };
		37774DA729DD74500063C564 /* UserRequestBuilder.swift */ = {isa = PBXFileReference; fileEncoding = 4; lastKnownFileType = sourcecode.swift; path = UserRequestBuilder.swift; sourceTree = "<group>"; };
		37774DA929DD74500063C564 /* UserService.swift */ = {isa = PBXFileReference; fileEncoding = 4; lastKnownFileType = sourcecode.swift; path = UserService.swift; sourceTree = "<group>"; };
		37774DAB29DD74500063C564 /* User.swift */ = {isa = PBXFileReference; fileEncoding = 4; lastKnownFileType = sourcecode.swift; path = User.swift; sourceTree = "<group>"; };
		37774DAC29DD74500063C564 /* UserResponse.swift */ = {isa = PBXFileReference; fileEncoding = 4; lastKnownFileType = sourcecode.swift; path = UserResponse.swift; sourceTree = "<group>"; };
		37774DAD29DD74500063C564 /* UserServiceProtocol.swift */ = {isa = PBXFileReference; fileEncoding = 4; lastKnownFileType = sourcecode.swift; path = UserServiceProtocol.swift; sourceTree = "<group>"; };
		37774DB029DD74500063C564 /* ErrorCause.swift */ = {isa = PBXFileReference; fileEncoding = 4; lastKnownFileType = sourcecode.swift; path = ErrorCause.swift; sourceTree = "<group>"; };
		37774DB229DD74500063C564 /* LoginServiceProtocol.swift */ = {isa = PBXFileReference; fileEncoding = 4; lastKnownFileType = sourcecode.swift; path = LoginServiceProtocol.swift; sourceTree = "<group>"; };
		37774DB429DD74500063C564 /* LoginPayload.swift */ = {isa = PBXFileReference; fileEncoding = 4; lastKnownFileType = sourcecode.swift; path = LoginPayload.swift; sourceTree = "<group>"; };
		37774DB529DD74500063C564 /* LoginResponse.swift */ = {isa = PBXFileReference; fileEncoding = 4; lastKnownFileType = sourcecode.swift; path = LoginResponse.swift; sourceTree = "<group>"; };
		37774DB629DD74500063C564 /* LoginService.swift */ = {isa = PBXFileReference; fileEncoding = 4; lastKnownFileType = sourcecode.swift; path = LoginService.swift; sourceTree = "<group>"; };
		37774DB729DD74500063C564 /* JSONDecoder+ISO8601DateDecodingStrategySetup.swift */ = {isa = PBXFileReference; fileEncoding = 4; lastKnownFileType = sourcecode.swift; path = "JSONDecoder+ISO8601DateDecodingStrategySetup.swift"; sourceTree = "<group>"; };
		37774DBA29DD74500063C564 /* en */ = {isa = PBXFileReference; lastKnownFileType = text.plist.strings; name = en; path = en.lproj/Localizable.strings; sourceTree = "<group>"; };
		37774DBC29DD74500063C564 /* DateUtil.swift */ = {isa = PBXFileReference; fileEncoding = 4; lastKnownFileType = sourcecode.swift; path = DateUtil.swift; sourceTree = "<group>"; };
		37774DBD29DD74500063C564 /* Logger.swift */ = {isa = PBXFileReference; fileEncoding = 4; lastKnownFileType = sourcecode.swift; path = Logger.swift; sourceTree = "<group>"; };
		37774DC029DD74500063C564 /* AppUser.swift */ = {isa = PBXFileReference; fileEncoding = 4; lastKnownFileType = sourcecode.swift; path = AppUser.swift; sourceTree = "<group>"; };
		37774DC229DD74500063C564 /* URLSessionRestClient.swift */ = {isa = PBXFileReference; fileEncoding = 4; lastKnownFileType = sourcecode.swift; path = URLSessionRestClient.swift; sourceTree = "<group>"; };
		37774DC329DD74500063C564 /* HttpMethod.swift */ = {isa = PBXFileReference; fileEncoding = 4; lastKnownFileType = sourcecode.swift; path = HttpMethod.swift; sourceTree = "<group>"; };
		37774DC429DD74500063C564 /* RestClientProtocol.swift */ = {isa = PBXFileReference; fileEncoding = 4; lastKnownFileType = sourcecode.swift; path = RestClientProtocol.swift; sourceTree = "<group>"; };
		37774DC529DD74500063C564 /* URLProvider.swift */ = {isa = PBXFileReference; fileEncoding = 4; lastKnownFileType = sourcecode.swift; path = URLProvider.swift; sourceTree = "<group>"; };
		37774DC629DD74500063C564 /* AlamofireRestClient.swift */ = {isa = PBXFileReference; fileEncoding = 4; lastKnownFileType = sourcecode.swift; path = AlamofireRestClient.swift; sourceTree = "<group>"; };
		37774DC829DD74500063C564 /* LoadingOverlay.swift */ = {isa = PBXFileReference; fileEncoding = 4; lastKnownFileType = sourcecode.swift; path = LoadingOverlay.swift; sourceTree = "<group>"; };
		37774DCA29DD74500063C564 /* App+Injection.swift */ = {isa = PBXFileReference; fileEncoding = 4; lastKnownFileType = sourcecode.swift; path = "App+Injection.swift"; sourceTree = "<group>"; };
		37774DCC29DD74500063C564 /* SignUpViewController.swift */ = {isa = PBXFileReference; fileEncoding = 4; lastKnownFileType = sourcecode.swift; path = SignUpViewController.swift; sourceTree = "<group>"; };
		37774DCD29DD74500063C564 /* ViewController.swift */ = {isa = PBXFileReference; fileEncoding = 4; lastKnownFileType = sourcecode.swift; path = ViewController.swift; sourceTree = "<group>"; };
		37774DCE29DD74500063C564 /* String+Localized.swift */ = {isa = PBXFileReference; fileEncoding = 4; lastKnownFileType = sourcecode.swift; path = "String+Localized.swift"; sourceTree = "<group>"; };
		37774DCF29DD74500063C564 /* HomeViewController.swift */ = {isa = PBXFileReference; fileEncoding = 4; lastKnownFileType = sourcecode.swift; path = HomeViewController.swift; sourceTree = "<group>"; };
		37774DD029DD74500063C564 /* LogInViewController.swift */ = {isa = PBXFileReference; fileEncoding = 4; lastKnownFileType = sourcecode.swift; path = LogInViewController.swift; sourceTree = "<group>"; };
		37774DD229DD74500063C564 /* Constants.swift */ = {isa = PBXFileReference; fileEncoding = 4; lastKnownFileType = sourcecode.swift; path = Constants.swift; sourceTree = "<group>"; };
		37774DD329DD74500063C564 /* LocalizedStrings.swift */ = {isa = PBXFileReference; fileEncoding = 4; lastKnownFileType = sourcecode.swift; path = LocalizedStrings.swift; sourceTree = "<group>"; };
		37774DD429DD74500063C564 /* Utils.swift */ = {isa = PBXFileReference; fileEncoding = 4; lastKnownFileType = sourcecode.swift; path = Utils.swift; sourceTree = "<group>"; };
		76FE29C7227610FB3DDCC252 /* Pods_iOS_Learning.framework */ = {isa = PBXFileReference; explicitFileType = wrapper.framework; includeInIndex = 0; path = Pods_iOS_Learning.framework; sourceTree = BUILT_PRODUCTS_DIR; };
		A9F3ED6A160B0F1CAC8DD600 /* Pods-iOS_Learning.release.xcconfig */ = {isa = PBXFileReference; includeInIndex = 1; lastKnownFileType = text.xcconfig; name = "Pods-iOS_Learning.release.xcconfig"; path = "Target Support Files/Pods-iOS_Learning/Pods-iOS_Learning.release.xcconfig"; sourceTree = "<group>"; };
/* End PBXFileReference section */

/* Begin PBXFrameworksBuildPhase section */
		371687E829D1AD7700B57BFF /* Frameworks */ = {
			isa = PBXFrameworksBuildPhase;
			buildActionMask = 2147483647;
			files = (
				78924B0A8E1B90592B385855 /* Pods_iOS_Learning.framework in Frameworks */,
			);
			runOnlyForDeploymentPostprocessing = 0;
		};
/* End PBXFrameworksBuildPhase section */

/* Begin PBXGroup section */
		371687E229D1AD7700B57BFF = {
			isa = PBXGroup;
			children = (
				371687ED29D1AD7700B57BFF /* iOS_Learning */,
				371687EC29D1AD7700B57BFF /* Products */,
				B4EC5985B8F0BE341602D295 /* Pods */,
				E674528954D8085E5D075F77 /* Frameworks */,
			);
			sourceTree = "<group>";
		};
		371687EC29D1AD7700B57BFF /* Products */ = {
			isa = PBXGroup;
			children = (
				371687EB29D1AD7700B57BFF /* iOS_Learning.app */,
			);
			name = Products;
			sourceTree = "<group>";
		};
		371687ED29D1AD7700B57BFF /* iOS_Learning */ = {
			isa = PBXGroup;
			children = (
				37774DD529DD74500063C564 /* Helpers */,
				37774DC929DD74500063C564 /* Injection */,
				37774D9229DD744F0063C564 /* Managers */,
				37774DBE29DD74500063C564 /* Model */,
				37774DC129DD74500063C564 /* Network */,
				37774DB829DD74500063C564 /* Resources */,
				37774D9929DD74500063C564 /* Services */,
				37774DC729DD74500063C564 /* UserInterface */,
				37774DBB29DD74500063C564 /* Utils */,
				37774DCB29DD74500063C564 /* ViewController */,
				371687EE29D1AD7700B57BFF /* AppDelegate.swift */,
				371687F029D1AD7700B57BFF /* SceneDelegate.swift */,
				371687F429D1AD7700B57BFF /* Main.storyboard */,
				371687F729D1AD7900B57BFF /* Assets.xcassets */,
				371687F929D1AD7900B57BFF /* LaunchScreen.storyboard */,
				371687FC29D1AD7900B57BFF /* Info.plist */,
			);
			path = iOS_Learning;
			sourceTree = "<group>";
		};
		37774D9229DD744F0063C564 /* Managers */ = {
			isa = PBXGroup;
			children = (
				37774D9329DD744F0063C564 /* SignUpManager */,
				37774D9629DD744F0063C564 /* LoginManager */,
			);
			path = Managers;
			sourceTree = "<group>";
		};
		37774D9329DD744F0063C564 /* SignUpManager */ = {
			isa = PBXGroup;
			children = (
				37774D9429DD744F0063C564 /* SignUpManagerProtocol.swift */,
				37774D9529DD744F0063C564 /* SignUpManager.swift */,
			);
			path = SignUpManager;
			sourceTree = "<group>";
		};
		37774D9629DD744F0063C564 /* LoginManager */ = {
			isa = PBXGroup;
			children = (
				37774D9729DD744F0063C564 /* LoginManager.swift */,
				37774D9829DD744F0063C564 /* LoginManagerProtocol.swift */,
			);
			path = LoginManager;
			sourceTree = "<group>";
		};
		37774D9929DD74500063C564 /* Services */ = {
			isa = PBXGroup;
			children = (
				37774D9A29DD74500063C564 /* SignUpService */,
				37774D9F29DD74500063C564 /* StorageService */,
				37774DA229DD74500063C564 /* Utils */,
				37774DA829DD74500063C564 /* UserService */,
				37774DAE29DD74500063C564 /* Model */,
				37774DB129DD74500063C564 /* LoginService */,
				37774DB729DD74500063C564 /* JSONDecoder+ISO8601DateDecodingStrategySetup.swift */,
			);
			path = Services;
			sourceTree = "<group>";
		};
		37774D9A29DD74500063C564 /* SignUpService */ = {
			isa = PBXGroup;
			children = (
				37774D9B29DD74500063C564 /* SignUpServiceProtocol.swift */,
				37774D9C29DD74500063C564 /* Model */,
				37774D9E29DD74500063C564 /* SignUpService.swift */,
			);
			path = SignUpService;
			sourceTree = "<group>";
		};
		37774D9C29DD74500063C564 /* Model */ = {
			isa = PBXGroup;
			children = (
				37774D9D29DD74500063C564 /* SignUpPayload.swift */,
			);
			path = Model;
			sourceTree = "<group>";
		};
		37774D9F29DD74500063C564 /* StorageService */ = {
			isa = PBXGroup;
			children = (
				37774DA029DD74500063C564 /* StorageServiceProtocol.swift */,
				37774DA129DD74500063C564 /* UserDefaultsStorageService.swift */,
			);
			path = StorageService;
			sourceTree = "<group>";
		};
		37774DA229DD74500063C564 /* Utils */ = {
			isa = PBXGroup;
			children = (
				37774DA329DD74500063C564 /* RequestBuilder */,
			);
			path = Utils;
			sourceTree = "<group>";
		};
		37774DA329DD74500063C564 /* RequestBuilder */ = {
			isa = PBXGroup;
			children = (
				37774DA429DD74500063C564 /* RequestBuilder.swift */,
				37774DA529DD74500063C564 /* SignUpRequestBuilder.swift */,
				37774DA629DD74500063C564 /* LoginRequestBuilder.swift */,
				37774DA729DD74500063C564 /* UserRequestBuilder.swift */,
			);
			path = RequestBuilder;
			sourceTree = "<group>";
		};
		37774DA829DD74500063C564 /* UserService */ = {
			isa = PBXGroup;
			children = (
				37774DA929DD74500063C564 /* UserService.swift */,
				37774DAA29DD74500063C564 /* Model */,
				37774DAD29DD74500063C564 /* UserServiceProtocol.swift */,
			);
			path = UserService;
			sourceTree = "<group>";
		};
		37774DAA29DD74500063C564 /* Model */ = {
			isa = PBXGroup;
			children = (
				37774DAB29DD74500063C564 /* User.swift */,
				37774DAC29DD74500063C564 /* UserResponse.swift */,
			);
			path = Model;
			sourceTree = "<group>";
		};
		37774DAE29DD74500063C564 /* Model */ = {
			isa = PBXGroup;
			children = (
				37774DAF29DD74500063C564 /* Error */,
			);
			path = Model;
			sourceTree = "<group>";
		};
		37774DAF29DD74500063C564 /* Error */ = {
			isa = PBXGroup;
			children = (
				37774DB029DD74500063C564 /* ErrorCause.swift */,
			);
			path = Error;
			sourceTree = "<group>";
		};
		37774DB129DD74500063C564 /* LoginService */ = {
			isa = PBXGroup;
			children = (
				37774DB229DD74500063C564 /* LoginServiceProtocol.swift */,
				37774DB329DD74500063C564 /* Model */,
				37774DB629DD74500063C564 /* LoginService.swift */,
			);
			path = LoginService;
			sourceTree = "<group>";
		};
		37774DB329DD74500063C564 /* Model */ = {
			isa = PBXGroup;
			children = (
				37774DB429DD74500063C564 /* LoginPayload.swift */,
				37774DB529DD74500063C564 /* LoginResponse.swift */,
			);
			path = Model;
			sourceTree = "<group>";
		};
		37774DB829DD74500063C564 /* Resources */ = {
			isa = PBXGroup;
			children = (
				37774DB929DD74500063C564 /* Localizable.strings */,
			);
			path = Resources;
			sourceTree = "<group>";
		};
		37774DBB29DD74500063C564 /* Utils */ = {
			isa = PBXGroup;
			children = (
				37774DBC29DD74500063C564 /* DateUtil.swift */,
				37774DBD29DD74500063C564 /* Logger.swift */,
			);
			path = Utils;
			sourceTree = "<group>";
		};
		37774DBE29DD74500063C564 /* Model */ = {
			isa = PBXGroup;
			children = (
				37774DBF29DD74500063C564 /* AppUser */,
			);
			path = Model;
			sourceTree = "<group>";
		};
		37774DBF29DD74500063C564 /* AppUser */ = {
			isa = PBXGroup;
			children = (
				37774DC029DD74500063C564 /* AppUser.swift */,
			);
			path = AppUser;
			sourceTree = "<group>";
		};
		37774DC129DD74500063C564 /* Network */ = {
			isa = PBXGroup;
			children = (
				37774DC229DD74500063C564 /* URLSessionRestClient.swift */,
				37774DC329DD74500063C564 /* HttpMethod.swift */,
				37774DC429DD74500063C564 /* RestClientProtocol.swift */,
				37774DC529DD74500063C564 /* URLProvider.swift */,
				37774DC629DD74500063C564 /* AlamofireRestClient.swift */,
			);
			path = Network;
			sourceTree = "<group>";
		};
		37774DC729DD74500063C564 /* UserInterface */ = {
			isa = PBXGroup;
			children = (
				37774DC829DD74500063C564 /* LoadingOverlay.swift */,
			);
			path = UserInterface;
			sourceTree = "<group>";
		};
		37774DC929DD74500063C564 /* Injection */ = {
			isa = PBXGroup;
			children = (
				37774DCA29DD74500063C564 /* App+Injection.swift */,
			);
			path = Injection;
			sourceTree = "<group>";
		};
		37774DCB29DD74500063C564 /* ViewController */ = {
			isa = PBXGroup;
			children = (
				37774DCC29DD74500063C564 /* SignUpViewController.swift */,
				37774DCD29DD74500063C564 /* ViewController.swift */,
				37774DCE29DD74500063C564 /* String+Localized.swift */,
				37774DCF29DD74500063C564 /* HomeViewController.swift */,
				37774DD029DD74500063C564 /* LogInViewController.swift */,
				37774DD129DD74500063C564 /* Helpers */,
			);
			path = ViewController;
			sourceTree = "<group>";
		};
		37774DD129DD74500063C564 /* Helpers */ = {
			isa = PBXGroup;
			children = (
				37774DD229DD74500063C564 /* Constants.swift */,
				37774DD329DD74500063C564 /* LocalizedStrings.swift */,
				37774DD429DD74500063C564 /* Utils.swift */,
			);
			path = Helpers;
			sourceTree = "<group>";
		};
		37774DD529DD74500063C564 /* Helpers */ = {
			isa = PBXGroup;
			children = (
			);
			name = Helpers;
			path = ../../../../../../Desktop/copy/Helpers;
			sourceTree = "<group>";
		};
		B4EC5985B8F0BE341602D295 /* Pods */ = {
			isa = PBXGroup;
			children = (
				1C7FA85A8DFD6E0290A85999 /* Pods-iOS_Learning.debug.xcconfig */,
				A9F3ED6A160B0F1CAC8DD600 /* Pods-iOS_Learning.release.xcconfig */,
			);
			path = Pods;
			sourceTree = "<group>";
		};
		E674528954D8085E5D075F77 /* Frameworks */ = {
			isa = PBXGroup;
			children = (
				76FE29C7227610FB3DDCC252 /* Pods_iOS_Learning.framework */,
			);
			name = Frameworks;
			sourceTree = "<group>";
		};
/* End PBXGroup section */

/* Begin PBXNativeTarget section */
		371687EA29D1AD7700B57BFF /* iOS_Learning */ = {
			isa = PBXNativeTarget;
			buildConfigurationList = 371687FF29D1AD7900B57BFF /* Build configuration list for PBXNativeTarget "iOS_Learning" */;
			buildPhases = (
				BC2468A82AC304ABAED512C9 /* [CP] Check Pods Manifest.lock */,
				371687E729D1AD7700B57BFF /* Sources */,
				371687E829D1AD7700B57BFF /* Frameworks */,
				371687E929D1AD7700B57BFF /* Resources */,
				740CC676FDFF045FB52377A9 /* [CP] Embed Pods Frameworks */,
			);
			buildRules = (
			);
			dependencies = (
			);
			name = iOS_Learning;
			productName = iOS_Learning;
			productReference = 371687EB29D1AD7700B57BFF /* iOS_Learning.app */;
			productType = "com.apple.product-type.application";
		};
/* End PBXNativeTarget section */

/* Begin PBXProject section */
		371687E329D1AD7700B57BFF /* Project object */ = {
			isa = PBXProject;
			attributes = {
				BuildIndependentTargetsInParallel = 1;
				LastSwiftUpdateCheck = 1420;
				LastUpgradeCheck = 1420;
				TargetAttributes = {
					371687EA29D1AD7700B57BFF = {
						CreatedOnToolsVersion = 14.2;
					};
				};
			};
			buildConfigurationList = 371687E629D1AD7700B57BFF /* Build configuration list for PBXProject "iOS_Learning" */;
			compatibilityVersion = "Xcode 14.0";
			developmentRegion = en;
			hasScannedForEncodings = 0;
			knownRegions = (
				en,
				Base,
			);
			mainGroup = 371687E229D1AD7700B57BFF;
			productRefGroup = 371687EC29D1AD7700B57BFF /* Products */;
			projectDirPath = "";
			projectRoot = "";
			targets = (
				371687EA29D1AD7700B57BFF /* iOS_Learning */,
			);
		};
/* End PBXProject section */

/* Begin PBXResourcesBuildPhase section */
		371687E929D1AD7700B57BFF /* Resources */ = {
			isa = PBXResourcesBuildPhase;
			buildActionMask = 2147483647;
			files = (
				371687FB29D1AD7900B57BFF /* LaunchScreen.storyboard in Resources */,
				37774DED29DD74510063C564 /* Localizable.strings in Resources */,
				371687F829D1AD7900B57BFF /* Assets.xcassets in Resources */,
				371687F629D1AD7700B57BFF /* Main.storyboard in Resources */,
			);
			runOnlyForDeploymentPostprocessing = 0;
		};
/* End PBXResourcesBuildPhase section */

/* Begin PBXShellScriptBuildPhase section */
		740CC676FDFF045FB52377A9 /* [CP] Embed Pods Frameworks */ = {
			isa = PBXShellScriptBuildPhase;
			buildActionMask = 2147483647;
			files = (
			);
			inputFileListPaths = (
				"${PODS_ROOT}/Target Support Files/Pods-iOS_Learning/Pods-iOS_Learning-frameworks-${CONFIGURATION}-input-files.xcfilelist",
			);
			name = "[CP] Embed Pods Frameworks";
			outputFileListPaths = (
				"${PODS_ROOT}/Target Support Files/Pods-iOS_Learning/Pods-iOS_Learning-frameworks-${CONFIGURATION}-output-files.xcfilelist",
			);
			runOnlyForDeploymentPostprocessing = 0;
			shellPath = /bin/sh;
			shellScript = "\"${PODS_ROOT}/Target Support Files/Pods-iOS_Learning/Pods-iOS_Learning-frameworks.sh\"\n";
			showEnvVarsInLog = 0;
		};
		BC2468A82AC304ABAED512C9 /* [CP] Check Pods Manifest.lock */ = {
			isa = PBXShellScriptBuildPhase;
			buildActionMask = 2147483647;
			files = (
			);
			inputFileListPaths = (
			);
			inputPaths = (
				"${PODS_PODFILE_DIR_PATH}/Podfile.lock",
				"${PODS_ROOT}/Manifest.lock",
			);
			name = "[CP] Check Pods Manifest.lock";
			outputFileListPaths = (
			);
			outputPaths = (
				"$(DERIVED_FILE_DIR)/Pods-iOS_Learning-checkManifestLockResult.txt",
			);
			runOnlyForDeploymentPostprocessing = 0;
			shellPath = /bin/sh;
			shellScript = "diff \"${PODS_PODFILE_DIR_PATH}/Podfile.lock\" \"${PODS_ROOT}/Manifest.lock\" > /dev/null\nif [ $? != 0 ] ; then\n    # print error to STDERR\n    echo \"error: The sandbox is not in sync with the Podfile.lock. Run 'pod install' or update your CocoaPods installation.\" >&2\n    exit 1\nfi\n# This output is used by Xcode 'outputs' to avoid re-running this script phase.\necho \"SUCCESS\" > \"${SCRIPT_OUTPUT_FILE_0}\"\n";
			showEnvVarsInLog = 0;
		};
/* End PBXShellScriptBuildPhase section */

/* Begin PBXSourcesBuildPhase section */
		371687E729D1AD7700B57BFF /* Sources */ = {
			isa = PBXSourcesBuildPhase;
			buildActionMask = 2147483647;
			files = (
				37774DE129DD74500063C564 /* LoginRequestBuilder.swift in Sources */,
				37774DF729DD74510063C564 /* App+Injection.swift in Sources */,
				37774DF129DD74510063C564 /* URLSessionRestClient.swift in Sources */,
				37774DF329DD74510063C564 /* RestClientProtocol.swift in Sources */,
				37774DDE29DD74500063C564 /* UserDefaultsStorageService.swift in Sources */,
				37774DE229DD74500063C564 /* UserRequestBuilder.swift in Sources */,
				37774DD729DD74500063C564 /* SignUpManager.swift in Sources */,
				37774DFF29DD74510063C564 /* Utils.swift in Sources */,
				37774DDC29DD74500063C564 /* SignUpService.swift in Sources */,
				37774DDF29DD74500063C564 /* RequestBuilder.swift in Sources */,
				37774DE329DD74500063C564 /* UserService.swift in Sources */,
				371687EF29D1AD7700B57BFF /* AppDelegate.swift in Sources */,
				37774DFD29DD74510063C564 /* Constants.swift in Sources */,
				37774DD929DD74500063C564 /* LoginManagerProtocol.swift in Sources */,
				37774DFE29DD74510063C564 /* LocalizedStrings.swift in Sources */,
				37774DF029DD74510063C564 /* AppUser.swift in Sources */,
				37774DDB29DD74500063C564 /* SignUpPayload.swift in Sources */,
				37774DE929DD74510063C564 /* LoginPayload.swift in Sources */,
				37774DEF29DD74510063C564 /* Logger.swift in Sources */,
				37774DEC29DD74510063C564 /* JSONDecoder+ISO8601DateDecodingStrategySetup.swift in Sources */,
				37774DE629DD74500063C564 /* UserServiceProtocol.swift in Sources */,
				37774DD629DD74500063C564 /* SignUpManagerProtocol.swift in Sources */,
				37774DF629DD74510063C564 /* LoadingOverlay.swift in Sources */,
				37774DF929DD74510063C564 /* ViewController.swift in Sources */,
				37774DFC29DD74510063C564 /* LogInViewController.swift in Sources */,
				371687F129D1AD7700B57BFF /* SceneDelegate.swift in Sources */,
				37774DEA29DD74510063C564 /* LoginResponse.swift in Sources */,
				37774DE829DD74510063C564 /* LoginServiceProtocol.swift in Sources */,
				37774DF529DD74510063C564 /* AlamofireRestClient.swift in Sources */,
				37774DE729DD74510063C564 /* ErrorCause.swift in Sources */,
				37774DF429DD74510063C564 /* URLProvider.swift in Sources */,
				37774DE529DD74500063C564 /* UserResponse.swift in Sources */,
				37774DD829DD74500063C564 /* LoginManager.swift in Sources */,
				37774DFA29DD74510063C564 /* String+Localized.swift in Sources */,
				37774DE429DD74500063C564 /* User.swift in Sources */,
				37774DE029DD74500063C564 /* SignUpRequestBuilder.swift in Sources */,
				37774DEB29DD74510063C564 /* LoginService.swift in Sources */,
				37774DEE29DD74510063C564 /* DateUtil.swift in Sources */,
				37774DFB29DD74510063C564 /* HomeViewController.swift in Sources */,
				37774DDD29DD74500063C564 /* StorageServiceProtocol.swift in Sources */,
				37774DF229DD74510063C564 /* HttpMethod.swift in Sources */,
				37774DDA29DD74500063C564 /* SignUpServiceProtocol.swift in Sources */,
				37774DF829DD74510063C564 /* SignUpViewController.swift in Sources */,
			);
			runOnlyForDeploymentPostprocessing = 0;
		};
/* End PBXSourcesBuildPhase section */

/* Begin PBXVariantGroup section */
		371687F429D1AD7700B57BFF /* Main.storyboard */ = {
			isa = PBXVariantGroup;
			children = (
				371687F529D1AD7700B57BFF /* Base */,
			);
			name = Main.storyboard;
			sourceTree = "<group>";
		};
		371687F929D1AD7900B57BFF /* LaunchScreen.storyboard */ = {
			isa = PBXVariantGroup;
			children = (
				371687FA29D1AD7900B57BFF /* Base */,
			);
			name = LaunchScreen.storyboard;
			sourceTree = "<group>";
		};
		37774DB929DD74500063C564 /* Localizable.strings */ = {
			isa = PBXVariantGroup;
			children = (
				37774DBA29DD74500063C564 /* en */,
			);
			name = Localizable.strings;
			sourceTree = "<group>";
		};
/* End PBXVariantGroup section */

/* Begin XCBuildConfiguration section */
		371687FD29D1AD7900B57BFF /* Debug */ = {
			isa = XCBuildConfiguration;
			buildSettings = {
				ALWAYS_SEARCH_USER_PATHS = NO;
				CLANG_ANALYZER_NONNULL = YES;
				CLANG_ANALYZER_NUMBER_OBJECT_CONVERSION = YES_AGGRESSIVE;
				CLANG_CXX_LANGUAGE_STANDARD = "gnu++20";
				CLANG_ENABLE_MODULES = YES;
				CLANG_ENABLE_OBJC_ARC = YES;
				CLANG_ENABLE_OBJC_WEAK = YES;
				CLANG_WARN_BLOCK_CAPTURE_AUTORELEASING = YES;
				CLANG_WARN_BOOL_CONVERSION = YES;
				CLANG_WARN_COMMA = YES;
				CLANG_WARN_CONSTANT_CONVERSION = YES;
				CLANG_WARN_DEPRECATED_OBJC_IMPLEMENTATIONS = YES;
				CLANG_WARN_DIRECT_OBJC_ISA_USAGE = YES_ERROR;
				CLANG_WARN_DOCUMENTATION_COMMENTS = YES;
				CLANG_WARN_EMPTY_BODY = YES;
				CLANG_WARN_ENUM_CONVERSION = YES;
				CLANG_WARN_INFINITE_RECURSION = YES;
				CLANG_WARN_INT_CONVERSION = YES;
				CLANG_WARN_NON_LITERAL_NULL_CONVERSION = YES;
				CLANG_WARN_OBJC_IMPLICIT_RETAIN_SELF = YES;
				CLANG_WARN_OBJC_LITERAL_CONVERSION = YES;
				CLANG_WARN_OBJC_ROOT_CLASS = YES_ERROR;
				CLANG_WARN_QUOTED_INCLUDE_IN_FRAMEWORK_HEADER = YES;
				CLANG_WARN_RANGE_LOOP_ANALYSIS = YES;
				CLANG_WARN_STRICT_PROTOTYPES = YES;
				CLANG_WARN_SUSPICIOUS_MOVE = YES;
				CLANG_WARN_UNGUARDED_AVAILABILITY = YES_AGGRESSIVE;
				CLANG_WARN_UNREACHABLE_CODE = YES;
				CLANG_WARN__DUPLICATE_METHOD_MATCH = YES;
				COPY_PHASE_STRIP = NO;
				DEBUG_INFORMATION_FORMAT = dwarf;
				ENABLE_STRICT_OBJC_MSGSEND = YES;
				ENABLE_TESTABILITY = YES;
				GCC_C_LANGUAGE_STANDARD = gnu11;
				GCC_DYNAMIC_NO_PIC = NO;
				GCC_NO_COMMON_BLOCKS = YES;
				GCC_OPTIMIZATION_LEVEL = 0;
				GCC_PREPROCESSOR_DEFINITIONS = (
					"DEBUG=1",
					"$(inherited)",
				);
				GCC_WARN_64_TO_32_BIT_CONVERSION = YES;
				GCC_WARN_ABOUT_RETURN_TYPE = YES_ERROR;
				GCC_WARN_UNDECLARED_SELECTOR = YES;
				GCC_WARN_UNINITIALIZED_AUTOS = YES_AGGRESSIVE;
				GCC_WARN_UNUSED_FUNCTION = YES;
				GCC_WARN_UNUSED_VARIABLE = YES;
				IPHONEOS_DEPLOYMENT_TARGET = 16.2;
				MTL_ENABLE_DEBUG_INFO = INCLUDE_SOURCE;
				MTL_FAST_MATH = YES;
				ONLY_ACTIVE_ARCH = YES;
				SDKROOT = iphoneos;
				SWIFT_ACTIVE_COMPILATION_CONDITIONS = DEBUG;
				SWIFT_OPTIMIZATION_LEVEL = "-Onone";
			};
			name = Debug;
		};
		371687FE29D1AD7900B57BFF /* Release */ = {
			isa = XCBuildConfiguration;
			buildSettings = {
				ALWAYS_SEARCH_USER_PATHS = NO;
				CLANG_ANALYZER_NONNULL = YES;
				CLANG_ANALYZER_NUMBER_OBJECT_CONVERSION = YES_AGGRESSIVE;
				CLANG_CXX_LANGUAGE_STANDARD = "gnu++20";
				CLANG_ENABLE_MODULES = YES;
				CLANG_ENABLE_OBJC_ARC = YES;
				CLANG_ENABLE_OBJC_WEAK = YES;
				CLANG_WARN_BLOCK_CAPTURE_AUTORELEASING = YES;
				CLANG_WARN_BOOL_CONVERSION = YES;
				CLANG_WARN_COMMA = YES;
				CLANG_WARN_CONSTANT_CONVERSION = YES;
				CLANG_WARN_DEPRECATED_OBJC_IMPLEMENTATIONS = YES;
				CLANG_WARN_DIRECT_OBJC_ISA_USAGE = YES_ERROR;
				CLANG_WARN_DOCUMENTATION_COMMENTS = YES;
				CLANG_WARN_EMPTY_BODY = YES;
				CLANG_WARN_ENUM_CONVERSION = YES;
				CLANG_WARN_INFINITE_RECURSION = YES;
				CLANG_WARN_INT_CONVERSION = YES;
				CLANG_WARN_NON_LITERAL_NULL_CONVERSION = YES;
				CLANG_WARN_OBJC_IMPLICIT_RETAIN_SELF = YES;
				CLANG_WARN_OBJC_LITERAL_CONVERSION = YES;
				CLANG_WARN_OBJC_ROOT_CLASS = YES_ERROR;
				CLANG_WARN_QUOTED_INCLUDE_IN_FRAMEWORK_HEADER = YES;
				CLANG_WARN_RANGE_LOOP_ANALYSIS = YES;
				CLANG_WARN_STRICT_PROTOTYPES = YES;
				CLANG_WARN_SUSPICIOUS_MOVE = YES;
				CLANG_WARN_UNGUARDED_AVAILABILITY = YES_AGGRESSIVE;
				CLANG_WARN_UNREACHABLE_CODE = YES;
				CLANG_WARN__DUPLICATE_METHOD_MATCH = YES;
				COPY_PHASE_STRIP = NO;
				DEBUG_INFORMATION_FORMAT = "dwarf-with-dsym";
				ENABLE_NS_ASSERTIONS = NO;
				ENABLE_STRICT_OBJC_MSGSEND = YES;
				GCC_C_LANGUAGE_STANDARD = gnu11;
				GCC_NO_COMMON_BLOCKS = YES;
				GCC_WARN_64_TO_32_BIT_CONVERSION = YES;
				GCC_WARN_ABOUT_RETURN_TYPE = YES_ERROR;
				GCC_WARN_UNDECLARED_SELECTOR = YES;
				GCC_WARN_UNINITIALIZED_AUTOS = YES_AGGRESSIVE;
				GCC_WARN_UNUSED_FUNCTION = YES;
				GCC_WARN_UNUSED_VARIABLE = YES;
				IPHONEOS_DEPLOYMENT_TARGET = 16.2;
				MTL_ENABLE_DEBUG_INFO = NO;
				MTL_FAST_MATH = YES;
				SDKROOT = iphoneos;
				SWIFT_COMPILATION_MODE = wholemodule;
				SWIFT_OPTIMIZATION_LEVEL = "-O";
				VALIDATE_PRODUCT = YES;
			};
			name = Release;
		};
		3716880029D1AD7900B57BFF /* Debug */ = {
			isa = XCBuildConfiguration;
			baseConfigurationReference = 1C7FA85A8DFD6E0290A85999 /* Pods-iOS_Learning.debug.xcconfig */;
			buildSettings = {
				ASSETCATALOG_COMPILER_APPICON_NAME = AppIcon;
				ASSETCATALOG_COMPILER_GLOBAL_ACCENT_COLOR_NAME = AccentColor;
				CODE_SIGN_STYLE = Automatic;
				CURRENT_PROJECT_VERSION = 1;
				GENERATE_INFOPLIST_FILE = YES;
				INFOPLIST_FILE = iOS_Learning/Info.plist;
				INFOPLIST_KEY_UIApplicationSupportsIndirectInputEvents = YES;
				INFOPLIST_KEY_UILaunchStoryboardName = LaunchScreen;
				INFOPLIST_KEY_UIMainStoryboardFile = Main;
				INFOPLIST_KEY_UISupportedInterfaceOrientations_iPad = "UIInterfaceOrientationPortrait UIInterfaceOrientationPortraitUpsideDown UIInterfaceOrientationLandscapeLeft UIInterfaceOrientationLandscapeRight";
				INFOPLIST_KEY_UISupportedInterfaceOrientations_iPhone = "UIInterfaceOrientationPortrait UIInterfaceOrientationLandscapeLeft UIInterfaceOrientationLandscapeRight";
				LD_RUNPATH_SEARCH_PATHS = (
					"$(inherited)",
					"@executable_path/Frameworks",
				);
				MARKETING_VERSION = 1.0;
				PRODUCT_BUNDLE_IDENTIFIER = "com.yabadabado.iOS-Learning";
				PRODUCT_NAME = "$(TARGET_NAME)";
				SWIFT_EMIT_LOC_STRINGS = YES;
				SWIFT_VERSION = 5.0;
				TARGETED_DEVICE_FAMILY = "1,2";
			};
			name = Debug;
		};
		3716880129D1AD7900B57BFF /* Release */ = {
			isa = XCBuildConfiguration;
			baseConfigurationReference = A9F3ED6A160B0F1CAC8DD600 /* Pods-iOS_Learning.release.xcconfig */;
			buildSettings = {
				ASSETCATALOG_COMPILER_APPICON_NAME = AppIcon;
				ASSETCATALOG_COMPILER_GLOBAL_ACCENT_COLOR_NAME = AccentColor;
				CODE_SIGN_STYLE = Automatic;
				CURRENT_PROJECT_VERSION = 1;
				GENERATE_INFOPLIST_FILE = YES;
				INFOPLIST_FILE = iOS_Learning/Info.plist;
				INFOPLIST_KEY_UIApplicationSupportsIndirectInputEvents = YES;
				INFOPLIST_KEY_UILaunchStoryboardName = LaunchScreen;
				INFOPLIST_KEY_UIMainStoryboardFile = Main;
				INFOPLIST_KEY_UISupportedInterfaceOrientations_iPad = "UIInterfaceOrientationPortrait UIInterfaceOrientationPortraitUpsideDown UIInterfaceOrientationLandscapeLeft UIInterfaceOrientationLandscapeRight";
				INFOPLIST_KEY_UISupportedInterfaceOrientations_iPhone = "UIInterfaceOrientationPortrait UIInterfaceOrientationLandscapeLeft UIInterfaceOrientationLandscapeRight";
				LD_RUNPATH_SEARCH_PATHS = (
					"$(inherited)",
					"@executable_path/Frameworks",
				);
				MARKETING_VERSION = 1.0;
				PRODUCT_BUNDLE_IDENTIFIER = "com.yabadabado.iOS-Learning";
				PRODUCT_NAME = "$(TARGET_NAME)";
				SWIFT_EMIT_LOC_STRINGS = YES;
				SWIFT_VERSION = 5.0;
				TARGETED_DEVICE_FAMILY = "1,2";
			};
			name = Release;
		};
/* End XCBuildConfiguration section */

/* Begin XCConfigurationList section */
		371687E629D1AD7700B57BFF /* Build configuration list for PBXProject "iOS_Learning" */ = {
			isa = XCConfigurationList;
			buildConfigurations = (
				371687FD29D1AD7900B57BFF /* Debug */,
				371687FE29D1AD7900B57BFF /* Release */,
			);
			defaultConfigurationIsVisible = 0;
			defaultConfigurationName = Release;
		};
		371687FF29D1AD7900B57BFF /* Build configuration list for PBXNativeTarget "iOS_Learning" */ = {
			isa = XCConfigurationList;
			buildConfigurations = (
				3716880029D1AD7900B57BFF /* Debug */,
				3716880129D1AD7900B57BFF /* Release */,
			);
			defaultConfigurationIsVisible = 0;
			defaultConfigurationName = Release;
		};
/* End XCConfigurationList section */
	};
	rootObject = 371687E329D1AD7700B57BFF /* Project object */;
}
