// !$*UTF8*$!
{
	archiveVersion = 1;
	classes = {
	};
	objectVersion = 56;
	objects = {

/* Begin PBXBuildFile section */
		371687EF29D1AD7700B57BFF /* AppDelegate.swift in Sources */ = {isa = PBXBuildFile; fileRef = 371687EE29D1AD7700B57BFF /* AppDelegate.swift */; };
		371687F129D1AD7700B57BFF /* SceneDelegate.swift in Sources */ = {isa = PBXBuildFile; fileRef = 371687F029D1AD7700B57BFF /* SceneDelegate.swift */; };
		371687F629D1AD7700B57BFF /* Main.storyboard in Resources */ = {isa = PBXBuildFile; fileRef = 371687F429D1AD7700B57BFF /* Main.storyboard */; };
		371687F829D1AD7900B57BFF /* Assets.xcassets in Resources */ = {isa = PBXBuildFile; fileRef = 371687F729D1AD7900B57BFF /* Assets.xcassets */; };
		371687FB29D1AD7900B57BFF /* LaunchScreen.storyboard in Resources */ = {isa = PBXBuildFile; fileRef = 371687F929D1AD7900B57BFF /* LaunchScreen.storyboard */; };
		3716881429D1B1CB00B57BFF /* Logger.swift in Sources */ = {isa = PBXBuildFile; fileRef = 3716881329D1B1CB00B57BFF /* Logger.swift */; };
		3716883929D1B1D700B57BFF /* SignUpPayload.swift in Sources */ = {isa = PBXBuildFile; fileRef = 3716881829D1B1D600B57BFF /* SignUpPayload.swift */; };
		3716883A29D1B1D700B57BFF /* SignUpResponse.swift in Sources */ = {isa = PBXBuildFile; fileRef = 3716881929D1B1D600B57BFF /* SignUpResponse.swift */; };
		3716883B29D1B1D700B57BFF /* SignUpService.swift in Sources */ = {isa = PBXBuildFile; fileRef = 3716881A29D1B1D600B57BFF /* SignUpService.swift */; };
		3716883C29D1B1D700B57BFF /* UNSignUpService.swift in Sources */ = {isa = PBXBuildFile; fileRef = 3716881B29D1B1D600B57BFF /* UNSignUpService.swift */; };
		3716883D29D1B1D700B57BFF /* UserDefaults+UserHandler.swift in Sources */ = {isa = PBXBuildFile; fileRef = 3716881C29D1B1D600B57BFF /* UserDefaults+UserHandler.swift */; };
		3716883E29D1B1D700B57BFF /* UNLoginService.swift in Sources */ = {isa = PBXBuildFile; fileRef = 3716881E29D1B1D600B57BFF /* UNLoginService.swift */; };
		3716883F29D1B1D700B57BFF /* LoginPayload.swift in Sources */ = {isa = PBXBuildFile; fileRef = 3716882029D1B1D600B57BFF /* LoginPayload.swift */; };
		3716884029D1B1D700B57BFF /* LoginResponse.swift in Sources */ = {isa = PBXBuildFile; fileRef = 3716882129D1B1D600B57BFF /* LoginResponse.swift */; };
		3716884129D1B1D700B57BFF /* LoginService.swift in Sources */ = {isa = PBXBuildFile; fileRef = 3716882229D1B1D600B57BFF /* LoginService.swift */; };
		3716884229D1B1D700B57BFF /* UserDefaults+TokenHandler.swift in Sources */ = {isa = PBXBuildFile; fileRef = 3716882329D1B1D600B57BFF /* UserDefaults+TokenHandler.swift */; };
		3716884329D1B1D700B57BFF /* URLRequest_RequestBuilder.swift in Sources */ = {isa = PBXBuildFile; fileRef = 3716882429D1B1D600B57BFF /* URLRequest_RequestBuilder.swift */; };
		3716884429D1B1D700B57BFF /* SignUpViewController.swift in Sources */ = {isa = PBXBuildFile; fileRef = 3716882629D1B1D600B57BFF /* SignUpViewController.swift */; };
		3716884529D1B1D700B57BFF /* ViewController.swift in Sources */ = {isa = PBXBuildFile; fileRef = 3716882729D1B1D600B57BFF /* ViewController.swift */; };
		3716884629D1B1D700B57BFF /* HomeViewController.swift in Sources */ = {isa = PBXBuildFile; fileRef = 3716882829D1B1D600B57BFF /* HomeViewController.swift */; };
		3716884729D1B1D700B57BFF /* LogInViewController.swift in Sources */ = {isa = PBXBuildFile; fileRef = 3716882929D1B1D600B57BFF /* LogInViewController.swift */; };
		3716884A29D1B1D700B57BFF /* User.swift in Sources */ = {isa = PBXBuildFile; fileRef = 3716882F29D1B1D700B57BFF /* User.swift */; };
		3716884B29D1B1D700B57BFF /* ErrorCause.swift in Sources */ = {isa = PBXBuildFile; fileRef = 3716883129D1B1D700B57BFF /* ErrorCause.swift */; };
		3716884C29D1B1D700B57BFF /* AuthenticationResponse.swift in Sources */ = {isa = PBXBuildFile; fileRef = 3716883329D1B1D700B57BFF /* AuthenticationResponse.swift */; };
		3716884D29D1B1D700B57BFF /* UNRestClient.swift in Sources */ = {isa = PBXBuildFile; fileRef = 3716883529D1B1D700B57BFF /* UNRestClient.swift */; };
		3716884E29D1B1D700B57BFF /* HttpMethod.swift in Sources */ = {isa = PBXBuildFile; fileRef = 3716883629D1B1D700B57BFF /* HttpMethod.swift */; };
		3716884F29D1B1D700B57BFF /* URLProvider.swift in Sources */ = {isa = PBXBuildFile; fileRef = 3716883729D1B1D700B57BFF /* URLProvider.swift */; };
		3716885029D1B1D700B57BFF /* RestClient.swift in Sources */ = {isa = PBXBuildFile; fileRef = 3716883829D1B1D700B57BFF /* RestClient.swift */; };
		3716885429D1B1ED00B57BFF /* Constants.swift in Sources */ = {isa = PBXBuildFile; fileRef = 3716885229D1B1ED00B57BFF /* Constants.swift */; };
		3716885529D1B1ED00B57BFF /* Utilities.swift in Sources */ = {isa = PBXBuildFile; fileRef = 3716885329D1B1ED00B57BFF /* Utilities.swift */; };
		78924B0A8E1B90592B385855 /* Pods_iOS_Learning.framework in Frameworks */ = {isa = PBXBuildFile; fileRef = 76FE29C7227610FB3DDCC252 /* Pods_iOS_Learning.framework */; };
/* End PBXBuildFile section */

/* Begin PBXFileReference section */
		1C7FA85A8DFD6E0290A85999 /* Pods-iOS_Learning.debug.xcconfig */ = {isa = PBXFileReference; includeInIndex = 1; lastKnownFileType = text.xcconfig; name = "Pods-iOS_Learning.debug.xcconfig"; path = "Target Support Files/Pods-iOS_Learning/Pods-iOS_Learning.debug.xcconfig"; sourceTree = "<group>"; };
		371687EB29D1AD7700B57BFF /* iOS_Learning.app */ = {isa = PBXFileReference; explicitFileType = wrapper.application; includeInIndex = 0; path = iOS_Learning.app; sourceTree = BUILT_PRODUCTS_DIR; };
		371687EE29D1AD7700B57BFF /* AppDelegate.swift */ = {isa = PBXFileReference; lastKnownFileType = sourcecode.swift; path = AppDelegate.swift; sourceTree = "<group>"; };
		371687F029D1AD7700B57BFF /* SceneDelegate.swift */ = {isa = PBXFileReference; lastKnownFileType = sourcecode.swift; path = SceneDelegate.swift; sourceTree = "<group>"; };
		371687F529D1AD7700B57BFF /* Base */ = {isa = PBXFileReference; lastKnownFileType = file.storyboard; name = Base; path = Base.lproj/Main.storyboard; sourceTree = "<group>"; };
		371687F729D1AD7900B57BFF /* Assets.xcassets */ = {isa = PBXFileReference; lastKnownFileType = folder.assetcatalog; path = Assets.xcassets; sourceTree = "<group>"; };
		371687FA29D1AD7900B57BFF /* Base */ = {isa = PBXFileReference; lastKnownFileType = file.storyboard; name = Base; path = Base.lproj/LaunchScreen.storyboard; sourceTree = "<group>"; };
		371687FC29D1AD7900B57BFF /* Info.plist */ = {isa = PBXFileReference; lastKnownFileType = text.plist.xml; path = Info.plist; sourceTree = "<group>"; };
		3716881329D1B1CB00B57BFF /* Logger.swift */ = {isa = PBXFileReference; fileEncoding = 4; lastKnownFileType = sourcecode.swift; path = Logger.swift; sourceTree = "<group>"; };
		3716881829D1B1D600B57BFF /* SignUpPayload.swift */ = {isa = PBXFileReference; fileEncoding = 4; lastKnownFileType = sourcecode.swift; path = SignUpPayload.swift; sourceTree = "<group>"; };
		3716881929D1B1D600B57BFF /* SignUpResponse.swift */ = {isa = PBXFileReference; fileEncoding = 4; lastKnownFileType = sourcecode.swift; path = SignUpResponse.swift; sourceTree = "<group>"; };
		3716881A29D1B1D600B57BFF /* SignUpService.swift */ = {isa = PBXFileReference; fileEncoding = 4; lastKnownFileType = sourcecode.swift; path = SignUpService.swift; sourceTree = "<group>"; };
		3716881B29D1B1D600B57BFF /* UNSignUpService.swift */ = {isa = PBXFileReference; fileEncoding = 4; lastKnownFileType = sourcecode.swift; path = UNSignUpService.swift; sourceTree = "<group>"; };
		3716881C29D1B1D600B57BFF /* UserDefaults+UserHandler.swift */ = {isa = PBXFileReference; fileEncoding = 4; lastKnownFileType = sourcecode.swift; path = "UserDefaults+UserHandler.swift"; sourceTree = "<group>"; };
		3716881E29D1B1D600B57BFF /* UNLoginService.swift */ = {isa = PBXFileReference; fileEncoding = 4; lastKnownFileType = sourcecode.swift; path = UNLoginService.swift; sourceTree = "<group>"; };
		3716882029D1B1D600B57BFF /* LoginPayload.swift */ = {isa = PBXFileReference; fileEncoding = 4; lastKnownFileType = sourcecode.swift; path = LoginPayload.swift; sourceTree = "<group>"; };
		3716882129D1B1D600B57BFF /* LoginResponse.swift */ = {isa = PBXFileReference; fileEncoding = 4; lastKnownFileType = sourcecode.swift; path = LoginResponse.swift; sourceTree = "<group>"; };
		3716882229D1B1D600B57BFF /* LoginService.swift */ = {isa = PBXFileReference; fileEncoding = 4; lastKnownFileType = sourcecode.swift; path = LoginService.swift; sourceTree = "<group>"; };
		3716882329D1B1D600B57BFF /* UserDefaults+TokenHandler.swift */ = {isa = PBXFileReference; fileEncoding = 4; lastKnownFileType = sourcecode.swift; path = "UserDefaults+TokenHandler.swift"; sourceTree = "<group>"; };
		3716882429D1B1D600B57BFF /* URLRequest_RequestBuilder.swift */ = {isa = PBXFileReference; fileEncoding = 4; lastKnownFileType = sourcecode.swift; path = URLRequest_RequestBuilder.swift; sourceTree = "<group>"; };
		3716882629D1B1D600B57BFF /* SignUpViewController.swift */ = {isa = PBXFileReference; fileEncoding = 4; lastKnownFileType = sourcecode.swift; path = SignUpViewController.swift; sourceTree = "<group>"; };
		3716882729D1B1D600B57BFF /* ViewController.swift */ = {isa = PBXFileReference; fileEncoding = 4; lastKnownFileType = sourcecode.swift; path = ViewController.swift; sourceTree = "<group>"; };
		3716882829D1B1D600B57BFF /* HomeViewController.swift */ = {isa = PBXFileReference; fileEncoding = 4; lastKnownFileType = sourcecode.swift; path = HomeViewController.swift; sourceTree = "<group>"; };
		3716882929D1B1D600B57BFF /* LogInViewController.swift */ = {isa = PBXFileReference; fileEncoding = 4; lastKnownFileType = sourcecode.swift; path = LogInViewController.swift; sourceTree = "<group>"; };
		3716882F29D1B1D700B57BFF /* User.swift */ = {isa = PBXFileReference; fileEncoding = 4; lastKnownFileType = sourcecode.swift; path = User.swift; sourceTree = "<group>"; };
		3716883129D1B1D700B57BFF /* ErrorCause.swift */ = {isa = PBXFileReference; fileEncoding = 4; lastKnownFileType = sourcecode.swift; path = ErrorCause.swift; sourceTree = "<group>"; };
		3716883329D1B1D700B57BFF /* AuthenticationResponse.swift */ = {isa = PBXFileReference; fileEncoding = 4; lastKnownFileType = sourcecode.swift; path = AuthenticationResponse.swift; sourceTree = "<group>"; };
		3716883529D1B1D700B57BFF /* UNRestClient.swift */ = {isa = PBXFileReference; fileEncoding = 4; lastKnownFileType = sourcecode.swift; path = UNRestClient.swift; sourceTree = "<group>"; };
		3716883629D1B1D700B57BFF /* HttpMethod.swift */ = {isa = PBXFileReference; fileEncoding = 4; lastKnownFileType = sourcecode.swift; path = HttpMethod.swift; sourceTree = "<group>"; };
		3716883729D1B1D700B57BFF /* URLProvider.swift */ = {isa = PBXFileReference; fileEncoding = 4; lastKnownFileType = sourcecode.swift; path = URLProvider.swift; sourceTree = "<group>"; };
		3716883829D1B1D700B57BFF /* RestClient.swift */ = {isa = PBXFileReference; fileEncoding = 4; lastKnownFileType = sourcecode.swift; path = RestClient.swift; sourceTree = "<group>"; };
		3716885229D1B1ED00B57BFF /* Constants.swift */ = {isa = PBXFileReference; fileEncoding = 4; lastKnownFileType = sourcecode.swift; path = Constants.swift; sourceTree = "<group>"; };
		3716885329D1B1ED00B57BFF /* Utilities.swift */ = {isa = PBXFileReference; fileEncoding = 4; lastKnownFileType = sourcecode.swift; path = Utilities.swift; sourceTree = "<group>"; };
		76FE29C7227610FB3DDCC252 /* Pods_iOS_Learning.framework */ = {isa = PBXFileReference; explicitFileType = wrapper.framework; includeInIndex = 0; path = Pods_iOS_Learning.framework; sourceTree = BUILT_PRODUCTS_DIR; };
		A9F3ED6A160B0F1CAC8DD600 /* Pods-iOS_Learning.release.xcconfig */ = {isa = PBXFileReference; includeInIndex = 1; lastKnownFileType = text.xcconfig; name = "Pods-iOS_Learning.release.xcconfig"; path = "Target Support Files/Pods-iOS_Learning/Pods-iOS_Learning.release.xcconfig"; sourceTree = "<group>"; };
/* End PBXFileReference section */

/* Begin PBXFrameworksBuildPhase section */
		371687E829D1AD7700B57BFF /* Frameworks */ = {
			isa = PBXFrameworksBuildPhase;
			buildActionMask = 2147483647;
			files = (
				78924B0A8E1B90592B385855 /* Pods_iOS_Learning.framework in Frameworks */,
			);
			runOnlyForDeploymentPostprocessing = 0;
		};
/* End PBXFrameworksBuildPhase section */

/* Begin PBXGroup section */
		371687E229D1AD7700B57BFF = {
			isa = PBXGroup;
			children = (
				371687ED29D1AD7700B57BFF /* iOS_Learning */,
				371687EC29D1AD7700B57BFF /* Products */,
				B4EC5985B8F0BE341602D295 /* Pods */,
				E674528954D8085E5D075F77 /* Frameworks */,
			);
			sourceTree = "<group>";
		};
		371687EC29D1AD7700B57BFF /* Products */ = {
			isa = PBXGroup;
			children = (
				371687EB29D1AD7700B57BFF /* iOS_Learning.app */,
			);
			name = Products;
			sourceTree = "<group>";
		};
		371687ED29D1AD7700B57BFF /* iOS_Learning */ = {
			isa = PBXGroup;
			children = (
				3716881229D1B1CB00B57BFF /* Utils */,
				3716885129D1B1ED00B57BFF /* Helpers */,
				3716883429D1B1D700B57BFF /* Network */,
				3716881529D1B1D600B57BFF /* Services */,
				3716882D29D1B1D700B57BFF /* Model */,
				3716882529D1B1D600B57BFF /* ViewController */,
				371687EE29D1AD7700B57BFF /* AppDelegate.swift */,
				371687F029D1AD7700B57BFF /* SceneDelegate.swift */,
				371687F429D1AD7700B57BFF /* Main.storyboard */,
				371687F729D1AD7900B57BFF /* Assets.xcassets */,
				371687F929D1AD7900B57BFF /* LaunchScreen.storyboard */,
				371687FC29D1AD7900B57BFF /* Info.plist */,
			);
			path = iOS_Learning;
			sourceTree = "<group>";
		};
		3716881229D1B1CB00B57BFF /* Utils */ = {
			isa = PBXGroup;
			children = (
				3716881329D1B1CB00B57BFF /* Logger.swift */,
			);
			path = Utils;
			sourceTree = "<group>";
		};
		3716881529D1B1D600B57BFF /* Services */ = {
			isa = PBXGroup;
			children = (
				3716881629D1B1D600B57BFF /* SignUpService */,
				3716881D29D1B1D600B57BFF /* LoginService */,
				3716882329D1B1D600B57BFF /* UserDefaults+TokenHandler.swift */,
				3716882429D1B1D600B57BFF /* URLRequest_RequestBuilder.swift */,
			);
			path = Services;
			sourceTree = "<group>";
		};
		3716881629D1B1D600B57BFF /* SignUpService */ = {
			isa = PBXGroup;
			children = (
				3716881729D1B1D600B57BFF /* Model */,
				3716881A29D1B1D600B57BFF /* SignUpService.swift */,
				3716881B29D1B1D600B57BFF /* UNSignUpService.swift */,
				3716881C29D1B1D600B57BFF /* UserDefaults+UserHandler.swift */,
			);
			path = SignUpService;
			sourceTree = "<group>";
		};
		3716881729D1B1D600B57BFF /* Model */ = {
			isa = PBXGroup;
			children = (
				3716881829D1B1D600B57BFF /* SignUpPayload.swift */,
				3716881929D1B1D600B57BFF /* SignUpResponse.swift */,
			);
			path = Model;
			sourceTree = "<group>";
		};
		3716881D29D1B1D600B57BFF /* LoginService */ = {
			isa = PBXGroup;
			children = (
				3716881E29D1B1D600B57BFF /* UNLoginService.swift */,
				3716881F29D1B1D600B57BFF /* Model */,
				3716882229D1B1D600B57BFF /* LoginService.swift */,
			);
			path = LoginService;
			sourceTree = "<group>";
		};
		3716881F29D1B1D600B57BFF /* Model */ = {
			isa = PBXGroup;
			children = (
				3716882029D1B1D600B57BFF /* LoginPayload.swift */,
				3716882129D1B1D600B57BFF /* LoginResponse.swift */,
			);
			path = Model;
			sourceTree = "<group>";
		};
		3716882529D1B1D600B57BFF /* ViewController */ = {
			isa = PBXGroup;
			children = (
				3716882629D1B1D600B57BFF /* SignUpViewController.swift */,
				3716882729D1B1D600B57BFF /* ViewController.swift */,
				3716882829D1B1D600B57BFF /* HomeViewController.swift */,
				3716882929D1B1D600B57BFF /* LogInViewController.swift */,
			);
			path = ViewController;
			sourceTree = "<group>";
		};
		3716882D29D1B1D700B57BFF /* Model */ = {
			isa = PBXGroup;
			children = (
				3716882E29D1B1D700B57BFF /* User */,
				3716883029D1B1D700B57BFF /* Error */,
				3716883229D1B1D700B57BFF /* Authentication */,
			);
			path = Model;
			sourceTree = "<group>";
		};
		3716882E29D1B1D700B57BFF /* User */ = {
			isa = PBXGroup;
			children = (
				3716882F29D1B1D700B57BFF /* User.swift */,
			);
			path = User;
			sourceTree = "<group>";
		};
		3716883029D1B1D700B57BFF /* Error */ = {
			isa = PBXGroup;
			children = (
				3716883129D1B1D700B57BFF /* ErrorCause.swift */,
			);
			path = Error;
			sourceTree = "<group>";
		};
		3716883229D1B1D700B57BFF /* Authentication */ = {
			isa = PBXGroup;
			children = (
				3716883329D1B1D700B57BFF /* AuthenticationResponse.swift */,
			);
			path = Authentication;
			sourceTree = "<group>";
		};
		3716883429D1B1D700B57BFF /* Network */ = {
			isa = PBXGroup;
			children = (
				3716883529D1B1D700B57BFF /* UNRestClient.swift */,
				3716883629D1B1D700B57BFF /* HttpMethod.swift */,
				3716883729D1B1D700B57BFF /* URLProvider.swift */,
				3716883829D1B1D700B57BFF /* RestClient.swift */,
			);
			path = Network;
			sourceTree = "<group>";
		};
		3716885129D1B1ED00B57BFF /* Helpers */ = {
			isa = PBXGroup;
			children = (
				3716885229D1B1ED00B57BFF /* Constants.swift */,
				3716885329D1B1ED00B57BFF /* Utilities.swift */,
			);
			name = Helpers;
			path = ../../first_app/first_app/Helpers;
			sourceTree = "<group>";
		};
		B4EC5985B8F0BE341602D295 /* Pods */ = {
			isa = PBXGroup;
			children = (
				1C7FA85A8DFD6E0290A85999 /* Pods-iOS_Learning.debug.xcconfig */,
				A9F3ED6A160B0F1CAC8DD600 /* Pods-iOS_Learning.release.xcconfig */,
			);
			path = Pods;
			sourceTree = "<group>";
		};
		E674528954D8085E5D075F77 /* Frameworks */ = {
			isa = PBXGroup;
			children = (
				76FE29C7227610FB3DDCC252 /* Pods_iOS_Learning.framework */,
			);
			name = Frameworks;
			sourceTree = "<group>";
		};
/* End PBXGroup section */

/* Begin PBXNativeTarget section */
		371687EA29D1AD7700B57BFF /* iOS_Learning */ = {
			isa = PBXNativeTarget;
			buildConfigurationList = 371687FF29D1AD7900B57BFF /* Build configuration list for PBXNativeTarget "iOS_Learning" */;
			buildPhases = (
				BC2468A82AC304ABAED512C9 /* [CP] Check Pods Manifest.lock */,
				371687E729D1AD7700B57BFF /* Sources */,
				371687E829D1AD7700B57BFF /* Frameworks */,
				371687E929D1AD7700B57BFF /* Resources */,
				740CC676FDFF045FB52377A9 /* [CP] Embed Pods Frameworks */,
			);
			buildRules = (
			);
			dependencies = (
			);
			name = iOS_Learning;
			productName = iOS_Learning;
			productReference = 371687EB29D1AD7700B57BFF /* iOS_Learning.app */;
			productType = "com.apple.product-type.application";
		};
/* End PBXNativeTarget section */

/* Begin PBXProject section */
		371687E329D1AD7700B57BFF /* Project object */ = {
			isa = PBXProject;
			attributes = {
				BuildIndependentTargetsInParallel = 1;
				LastSwiftUpdateCheck = 1420;
				LastUpgradeCheck = 1420;
				TargetAttributes = {
					371687EA29D1AD7700B57BFF = {
						CreatedOnToolsVersion = 14.2;
					};
				};
			};
			buildConfigurationList = 371687E629D1AD7700B57BFF /* Build configuration list for PBXProject "iOS_Learning" */;
			compatibilityVersion = "Xcode 14.0";
			developmentRegion = en;
			hasScannedForEncodings = 0;
			knownRegions = (
				en,
				Base,
			);
			mainGroup = 371687E229D1AD7700B57BFF;
			productRefGroup = 371687EC29D1AD7700B57BFF /* Products */;
			projectDirPath = "";
			projectRoot = "";
			targets = (
				371687EA29D1AD7700B57BFF /* iOS_Learning */,
			);
		};
/* End PBXProject section */

/* Begin PBXResourcesBuildPhase section */
		371687E929D1AD7700B57BFF /* Resources */ = {
			isa = PBXResourcesBuildPhase;
			buildActionMask = 2147483647;
			files = (
				371687FB29D1AD7900B57BFF /* LaunchScreen.storyboard in Resources */,
				371687F829D1AD7900B57BFF /* Assets.xcassets in Resources */,
				371687F629D1AD7700B57BFF /* Main.storyboard in Resources */,
			);
			runOnlyForDeploymentPostprocessing = 0;
		};
/* End PBXResourcesBuildPhase section */

/* Begin PBXShellScriptBuildPhase section */
		740CC676FDFF045FB52377A9 /* [CP] Embed Pods Frameworks */ = {
			isa = PBXShellScriptBuildPhase;
			buildActionMask = 2147483647;
			files = (
			);
			inputFileListPaths = (
				"${PODS_ROOT}/Target Support Files/Pods-iOS_Learning/Pods-iOS_Learning-frameworks-${CONFIGURATION}-input-files.xcfilelist",
			);
			name = "[CP] Embed Pods Frameworks";
			outputFileListPaths = (
				"${PODS_ROOT}/Target Support Files/Pods-iOS_Learning/Pods-iOS_Learning-frameworks-${CONFIGURATION}-output-files.xcfilelist",
			);
			runOnlyForDeploymentPostprocessing = 0;
			shellPath = /bin/sh;
			shellScript = "\"${PODS_ROOT}/Target Support Files/Pods-iOS_Learning/Pods-iOS_Learning-frameworks.sh\"\n";
			showEnvVarsInLog = 0;
		};
		BC2468A82AC304ABAED512C9 /* [CP] Check Pods Manifest.lock */ = {
			isa = PBXShellScriptBuildPhase;
			buildActionMask = 2147483647;
			files = (
			);
			inputFileListPaths = (
			);
			inputPaths = (
				"${PODS_PODFILE_DIR_PATH}/Podfile.lock",
				"${PODS_ROOT}/Manifest.lock",
			);
			name = "[CP] Check Pods Manifest.lock";
			outputFileListPaths = (
			);
			outputPaths = (
				"$(DERIVED_FILE_DIR)/Pods-iOS_Learning-checkManifestLockResult.txt",
			);
			runOnlyForDeploymentPostprocessing = 0;
			shellPath = /bin/sh;
			shellScript = "diff \"${PODS_PODFILE_DIR_PATH}/Podfile.lock\" \"${PODS_ROOT}/Manifest.lock\" > /dev/null\nif [ $? != 0 ] ; then\n    # print error to STDERR\n    echo \"error: The sandbox is not in sync with the Podfile.lock. Run 'pod install' or update your CocoaPods installation.\" >&2\n    exit 1\nfi\n# This output is used by Xcode 'outputs' to avoid re-running this script phase.\necho \"SUCCESS\" > \"${SCRIPT_OUTPUT_FILE_0}\"\n";
			showEnvVarsInLog = 0;
		};
/* End PBXShellScriptBuildPhase section */

/* Begin PBXSourcesBuildPhase section */
		371687E729D1AD7700B57BFF /* Sources */ = {
			isa = PBXSourcesBuildPhase;
			buildActionMask = 2147483647;
			files = (
				3716884C29D1B1D700B57BFF /* AuthenticationResponse.swift in Sources */,
				3716883F29D1B1D700B57BFF /* LoginPayload.swift in Sources */,
				3716884329D1B1D700B57BFF /* URLRequest_RequestBuilder.swift in Sources */,
				3716884F29D1B1D700B57BFF /* URLProvider.swift in Sources */,
				3716884729D1B1D700B57BFF /* LogInViewController.swift in Sources */,
				3716883D29D1B1D700B57BFF /* UserDefaults+UserHandler.swift in Sources */,
				3716884629D1B1D700B57BFF /* HomeViewController.swift in Sources */,
				3716885429D1B1ED00B57BFF /* Constants.swift in Sources */,
				3716884B29D1B1D700B57BFF /* ErrorCause.swift in Sources */,
				371687EF29D1AD7700B57BFF /* AppDelegate.swift in Sources */,
				3716883B29D1B1D700B57BFF /* SignUpService.swift in Sources */,
				3716881429D1B1CB00B57BFF /* Logger.swift in Sources */,
				3716883929D1B1D700B57BFF /* SignUpPayload.swift in Sources */,
				3716885029D1B1D700B57BFF /* RestClient.swift in Sources */,
				3716884229D1B1D700B57BFF /* UserDefaults+TokenHandler.swift in Sources */,
				3716885529D1B1ED00B57BFF /* Utilities.swift in Sources */,
				3716884D29D1B1D700B57BFF /* UNRestClient.swift in Sources */,
				3716883A29D1B1D700B57BFF /* SignUpResponse.swift in Sources */,
				3716884429D1B1D700B57BFF /* SignUpViewController.swift in Sources */,
				3716884129D1B1D700B57BFF /* LoginService.swift in Sources */,
				371687F129D1AD7700B57BFF /* SceneDelegate.swift in Sources */,
				3716883C29D1B1D700B57BFF /* UNSignUpService.swift in Sources */,
				3716884029D1B1D700B57BFF /* LoginResponse.swift in Sources */,
				3716884529D1B1D700B57BFF /* ViewController.swift in Sources */,
				3716884E29D1B1D700B57BFF /* HttpMethod.swift in Sources */,
				3716883E29D1B1D700B57BFF /* UNLoginService.swift in Sources */,
				3716884A29D1B1D700B57BFF /* User.swift in Sources */,
			);
			runOnlyForDeploymentPostprocessing = 0;
		};
/* End PBXSourcesBuildPhase section */

/* Begin PBXVariantGroup section */
		371687F429D1AD7700B57BFF /* Main.storyboard */ = {
			isa = PBXVariantGroup;
			children = (
				371687F529D1AD7700B57BFF /* Base */,
			);
			name = Main.storyboard;
			sourceTree = "<group>";
		};
		371687F929D1AD7900B57BFF /* LaunchScreen.storyboard */ = {
			isa = PBXVariantGroup;
			children = (
				371687FA29D1AD7900B57BFF /* Base */,
			);
			name = LaunchScreen.storyboard;
			sourceTree = "<group>";
		};
/* End PBXVariantGroup section */

/* Begin XCBuildConfiguration section */
		371687FD29D1AD7900B57BFF /* Debug */ = {
			isa = XCBuildConfiguration;
			buildSettings = {
				ALWAYS_SEARCH_USER_PATHS = NO;
				CLANG_ANALYZER_NONNULL = YES;
				CLANG_ANALYZER_NUMBER_OBJECT_CONVERSION = YES_AGGRESSIVE;
				CLANG_CXX_LANGUAGE_STANDARD = "gnu++20";
				CLANG_ENABLE_MODULES = YES;
				CLANG_ENABLE_OBJC_ARC = YES;
				CLANG_ENABLE_OBJC_WEAK = YES;
				CLANG_WARN_BLOCK_CAPTURE_AUTORELEASING = YES;
				CLANG_WARN_BOOL_CONVERSION = YES;
				CLANG_WARN_COMMA = YES;
				CLANG_WARN_CONSTANT_CONVERSION = YES;
				CLANG_WARN_DEPRECATED_OBJC_IMPLEMENTATIONS = YES;
				CLANG_WARN_DIRECT_OBJC_ISA_USAGE = YES_ERROR;
				CLANG_WARN_DOCUMENTATION_COMMENTS = YES;
				CLANG_WARN_EMPTY_BODY = YES;
				CLANG_WARN_ENUM_CONVERSION = YES;
				CLANG_WARN_INFINITE_RECURSION = YES;
				CLANG_WARN_INT_CONVERSION = YES;
				CLANG_WARN_NON_LITERAL_NULL_CONVERSION = YES;
				CLANG_WARN_OBJC_IMPLICIT_RETAIN_SELF = YES;
				CLANG_WARN_OBJC_LITERAL_CONVERSION = YES;
				CLANG_WARN_OBJC_ROOT_CLASS = YES_ERROR;
				CLANG_WARN_QUOTED_INCLUDE_IN_FRAMEWORK_HEADER = YES;
				CLANG_WARN_RANGE_LOOP_ANALYSIS = YES;
				CLANG_WARN_STRICT_PROTOTYPES = YES;
				CLANG_WARN_SUSPICIOUS_MOVE = YES;
				CLANG_WARN_UNGUARDED_AVAILABILITY = YES_AGGRESSIVE;
				CLANG_WARN_UNREACHABLE_CODE = YES;
				CLANG_WARN__DUPLICATE_METHOD_MATCH = YES;
				COPY_PHASE_STRIP = NO;
				DEBUG_INFORMATION_FORMAT = dwarf;
				ENABLE_STRICT_OBJC_MSGSEND = YES;
				ENABLE_TESTABILITY = YES;
				GCC_C_LANGUAGE_STANDARD = gnu11;
				GCC_DYNAMIC_NO_PIC = NO;
				GCC_NO_COMMON_BLOCKS = YES;
				GCC_OPTIMIZATION_LEVEL = 0;
				GCC_PREPROCESSOR_DEFINITIONS = (
					"DEBUG=1",
					"$(inherited)",
				);
				GCC_WARN_64_TO_32_BIT_CONVERSION = YES;
				GCC_WARN_ABOUT_RETURN_TYPE = YES_ERROR;
				GCC_WARN_UNDECLARED_SELECTOR = YES;
				GCC_WARN_UNINITIALIZED_AUTOS = YES_AGGRESSIVE;
				GCC_WARN_UNUSED_FUNCTION = YES;
				GCC_WARN_UNUSED_VARIABLE = YES;
				IPHONEOS_DEPLOYMENT_TARGET = 16.2;
				MTL_ENABLE_DEBUG_INFO = INCLUDE_SOURCE;
				MTL_FAST_MATH = YES;
				ONLY_ACTIVE_ARCH = YES;
				SDKROOT = iphoneos;
				SWIFT_ACTIVE_COMPILATION_CONDITIONS = DEBUG;
				SWIFT_OPTIMIZATION_LEVEL = "-Onone";
			};
			name = Debug;
		};
		371687FE29D1AD7900B57BFF /* Release */ = {
			isa = XCBuildConfiguration;
			buildSettings = {
				ALWAYS_SEARCH_USER_PATHS = NO;
				CLANG_ANALYZER_NONNULL = YES;
				CLANG_ANALYZER_NUMBER_OBJECT_CONVERSION = YES_AGGRESSIVE;
				CLANG_CXX_LANGUAGE_STANDARD = "gnu++20";
				CLANG_ENABLE_MODULES = YES;
				CLANG_ENABLE_OBJC_ARC = YES;
				CLANG_ENABLE_OBJC_WEAK = YES;
				CLANG_WARN_BLOCK_CAPTURE_AUTORELEASING = YES;
				CLANG_WARN_BOOL_CONVERSION = YES;
				CLANG_WARN_COMMA = YES;
				CLANG_WARN_CONSTANT_CONVERSION = YES;
				CLANG_WARN_DEPRECATED_OBJC_IMPLEMENTATIONS = YES;
				CLANG_WARN_DIRECT_OBJC_ISA_USAGE = YES_ERROR;
				CLANG_WARN_DOCUMENTATION_COMMENTS = YES;
				CLANG_WARN_EMPTY_BODY = YES;
				CLANG_WARN_ENUM_CONVERSION = YES;
				CLANG_WARN_INFINITE_RECURSION = YES;
				CLANG_WARN_INT_CONVERSION = YES;
				CLANG_WARN_NON_LITERAL_NULL_CONVERSION = YES;
				CLANG_WARN_OBJC_IMPLICIT_RETAIN_SELF = YES;
				CLANG_WARN_OBJC_LITERAL_CONVERSION = YES;
				CLANG_WARN_OBJC_ROOT_CLASS = YES_ERROR;
				CLANG_WARN_QUOTED_INCLUDE_IN_FRAMEWORK_HEADER = YES;
				CLANG_WARN_RANGE_LOOP_ANALYSIS = YES;
				CLANG_WARN_STRICT_PROTOTYPES = YES;
				CLANG_WARN_SUSPICIOUS_MOVE = YES;
				CLANG_WARN_UNGUARDED_AVAILABILITY = YES_AGGRESSIVE;
				CLANG_WARN_UNREACHABLE_CODE = YES;
				CLANG_WARN__DUPLICATE_METHOD_MATCH = YES;
				COPY_PHASE_STRIP = NO;
				DEBUG_INFORMATION_FORMAT = "dwarf-with-dsym";
				ENABLE_NS_ASSERTIONS = NO;
				ENABLE_STRICT_OBJC_MSGSEND = YES;
				GCC_C_LANGUAGE_STANDARD = gnu11;
				GCC_NO_COMMON_BLOCKS = YES;
				GCC_WARN_64_TO_32_BIT_CONVERSION = YES;
				GCC_WARN_ABOUT_RETURN_TYPE = YES_ERROR;
				GCC_WARN_UNDECLARED_SELECTOR = YES;
				GCC_WARN_UNINITIALIZED_AUTOS = YES_AGGRESSIVE;
				GCC_WARN_UNUSED_FUNCTION = YES;
				GCC_WARN_UNUSED_VARIABLE = YES;
				IPHONEOS_DEPLOYMENT_TARGET = 16.2;
				MTL_ENABLE_DEBUG_INFO = NO;
				MTL_FAST_MATH = YES;
				SDKROOT = iphoneos;
				SWIFT_COMPILATION_MODE = wholemodule;
				SWIFT_OPTIMIZATION_LEVEL = "-O";
				VALIDATE_PRODUCT = YES;
			};
			name = Release;
		};
		3716880029D1AD7900B57BFF /* Debug */ = {
			isa = XCBuildConfiguration;
			baseConfigurationReference = 1C7FA85A8DFD6E0290A85999 /* Pods-iOS_Learning.debug.xcconfig */;
			buildSettings = {
				ASSETCATALOG_COMPILER_APPICON_NAME = AppIcon;
				ASSETCATALOG_COMPILER_GLOBAL_ACCENT_COLOR_NAME = AccentColor;
				CODE_SIGN_STYLE = Automatic;
				CURRENT_PROJECT_VERSION = 1;
				GENERATE_INFOPLIST_FILE = YES;
				INFOPLIST_FILE = iOS_Learning/Info.plist;
				INFOPLIST_KEY_UIApplicationSupportsIndirectInputEvents = YES;
				INFOPLIST_KEY_UILaunchStoryboardName = LaunchScreen;
				INFOPLIST_KEY_UIMainStoryboardFile = Main;
				INFOPLIST_KEY_UISupportedInterfaceOrientations_iPad = "UIInterfaceOrientationPortrait UIInterfaceOrientationPortraitUpsideDown UIInterfaceOrientationLandscapeLeft UIInterfaceOrientationLandscapeRight";
				INFOPLIST_KEY_UISupportedInterfaceOrientations_iPhone = "UIInterfaceOrientationPortrait UIInterfaceOrientationLandscapeLeft UIInterfaceOrientationLandscapeRight";
				LD_RUNPATH_SEARCH_PATHS = (
					"$(inherited)",
					"@executable_path/Frameworks",
				);
				MARKETING_VERSION = 1.0;
				PRODUCT_BUNDLE_IDENTIFIER = "com.yabadabado.iOS-Learning";
				PRODUCT_NAME = "$(TARGET_NAME)";
				SWIFT_EMIT_LOC_STRINGS = YES;
				SWIFT_VERSION = 5.0;
				TARGETED_DEVICE_FAMILY = "1,2";
			};
			name = Debug;
		};
		3716880129D1AD7900B57BFF /* Release */ = {
			isa = XCBuildConfiguration;
			baseConfigurationReference = A9F3ED6A160B0F1CAC8DD600 /* Pods-iOS_Learning.release.xcconfig */;
			buildSettings = {
				ASSETCATALOG_COMPILER_APPICON_NAME = AppIcon;
				ASSETCATALOG_COMPILER_GLOBAL_ACCENT_COLOR_NAME = AccentColor;
				CODE_SIGN_STYLE = Automatic;
				CURRENT_PROJECT_VERSION = 1;
				GENERATE_INFOPLIST_FILE = YES;
				INFOPLIST_FILE = iOS_Learning/Info.plist;
				INFOPLIST_KEY_UIApplicationSupportsIndirectInputEvents = YES;
				INFOPLIST_KEY_UILaunchStoryboardName = LaunchScreen;
				INFOPLIST_KEY_UIMainStoryboardFile = Main;
				INFOPLIST_KEY_UISupportedInterfaceOrientations_iPad = "UIInterfaceOrientationPortrait UIInterfaceOrientationPortraitUpsideDown UIInterfaceOrientationLandscapeLeft UIInterfaceOrientationLandscapeRight";
				INFOPLIST_KEY_UISupportedInterfaceOrientations_iPhone = "UIInterfaceOrientationPortrait UIInterfaceOrientationLandscapeLeft UIInterfaceOrientationLandscapeRight";
				LD_RUNPATH_SEARCH_PATHS = (
					"$(inherited)",
					"@executable_path/Frameworks",
				);
				MARKETING_VERSION = 1.0;
				PRODUCT_BUNDLE_IDENTIFIER = "com.yabadabado.iOS-Learning";
				PRODUCT_NAME = "$(TARGET_NAME)";
				SWIFT_EMIT_LOC_STRINGS = YES;
				SWIFT_VERSION = 5.0;
				TARGETED_DEVICE_FAMILY = "1,2";
			};
			name = Release;
		};
/* End XCBuildConfiguration section */

/* Begin XCConfigurationList section */
		371687E629D1AD7700B57BFF /* Build configuration list for PBXProject "iOS_Learning" */ = {
			isa = XCConfigurationList;
			buildConfigurations = (
				371687FD29D1AD7900B57BFF /* Debug */,
				371687FE29D1AD7900B57BFF /* Release */,
			);
			defaultConfigurationIsVisible = 0;
			defaultConfigurationName = Release;
		};
		371687FF29D1AD7900B57BFF /* Build configuration list for PBXNativeTarget "iOS_Learning" */ = {
			isa = XCConfigurationList;
			buildConfigurations = (
				3716880029D1AD7900B57BFF /* Debug */,
				3716880129D1AD7900B57BFF /* Release */,
			);
			defaultConfigurationIsVisible = 0;
			defaultConfigurationName = Release;
		};
/* End XCConfigurationList section */
	};
	rootObject = 371687E329D1AD7700B57BFF /* Project object */;
}
